// !$*UTF8*$!
{
	archiveVersion = 1;
	classes = {
	};
	objectVersion = 51;
	objects = {

/* Begin PBXBuildFile section */
		19C9771734052FDDE6844402 /* InitialConfiguratorTests.swift in Sources */ = {isa = PBXBuildFile; fileRef = A6C84AC96174D8205F1CE59D /* InitialConfiguratorTests.swift */; };
		313EE4380C06302D1AF34CF1 /* InitialPresenterTests.swift in Sources */ = {isa = PBXBuildFile; fileRef = 23CA94832CBF5E8A469F7E8C /* InitialPresenterTests.swift */; };
		35C6F053BCEA265C80321CB9 /* InitialViewController.swift in Sources */ = {isa = PBXBuildFile; fileRef = C545FE9A11B1AC7FC52BBAFC /* InitialViewController.swift */; };
		3E647645C3033A983646C462 /* InitialInteractorInput.swift in Sources */ = {isa = PBXBuildFile; fileRef = 4C95FCC79B0155220F831896 /* InitialInteractorInput.swift */; };
		48EACBFEC0EE121CE75C62A3 /* InitialViewTests.swift in Sources */ = {isa = PBXBuildFile; fileRef = 2B74764AA782BEDD004FA6C9 /* InitialViewTests.swift */; };
		537A02149B22A94CF08B59D9 /* Pods_MapAppTests.framework in Frameworks */ = {isa = PBXBuildFile; fileRef = ABAB0902BC48B24455822739 /* Pods_MapAppTests.framework */; };
		6F8414B79EF671D083CF9FCC /* InitialInteractorTests.swift in Sources */ = {isa = PBXBuildFile; fileRef = 2B4EC0AC513EEC844CFD6C7D /* InitialInteractorTests.swift */; };
		82F876435CBF6F3645C34A7C /* InitialRouterTests.swift in Sources */ = {isa = PBXBuildFile; fileRef = 4A83654751ACC21E897DCBC2 /* InitialRouterTests.swift */; };
		8489FC41803FE4A3EDEF7E99 /* InitialModuleInput.swift in Sources */ = {isa = PBXBuildFile; fileRef = ED77F916FDC772235DA70ABC /* InitialModuleInput.swift */; };
		86D136C839F8687AEDEA104A /* InitialRouterInput.swift in Sources */ = {isa = PBXBuildFile; fileRef = 129C4D1BD95D21FEA894BCFB /* InitialRouterInput.swift */; };
		8E430E864E5AADD565D79087 /* Pods_MapAppUITests.framework in Frameworks */ = {isa = PBXBuildFile; fileRef = 0EF9577A4784D8E7E4395FEE /* Pods_MapAppUITests.framework */; };
		8F245C0002FDAEFFCD2B1F73 /* InitialViewOutput.swift in Sources */ = {isa = PBXBuildFile; fileRef = DF21F59927E7B876B9B38630 /* InitialViewOutput.swift */; };
		9888C0DF2F666CE9AAE3DE1F /* InitialViewInput.swift in Sources */ = {isa = PBXBuildFile; fileRef = 57ECCFE281744B2038196824 /* InitialViewInput.swift */; };
		9EFABCB48B1C99975EAFCA5E /* InitialConfigurator.swift in Sources */ = {isa = PBXBuildFile; fileRef = 1783F11801BA536A52C24441 /* InitialConfigurator.swift */; };
		A7A8A31AF040623B4F1FF9AE /* InitialPresenter.swift in Sources */ = {isa = PBXBuildFile; fileRef = 6AE6E2064543D603C34C7124 /* InitialPresenter.swift */; };
		B1A76B20314B03BD5CA67033 /* InitialInteractor.swift in Sources */ = {isa = PBXBuildFile; fileRef = 28CB09B98AA775AF93D48B4B /* InitialInteractor.swift */; };
		B8691E37CA163272A69D406C /* InitialInteractorOutput.swift in Sources */ = {isa = PBXBuildFile; fileRef = 0BDD248E5D7FEE224B5AFD92 /* InitialInteractorOutput.swift */; };
		C7A07F9BA179D4B93E971EDD /* Pods_MapApp.framework in Frameworks */ = {isa = PBXBuildFile; fileRef = 9C58B3BFF3B271E7E322F159 /* Pods_MapApp.framework */; };
		E0D481DB752AE4DF52E7DBDB /* InitialInitializer.swift in Sources */ = {isa = PBXBuildFile; fileRef = 18DDD13E70D0106E996FE59D /* InitialInitializer.swift */; };
		EF00A5AD250A576F00B46913 /* CompassUIButton.swift in Sources */ = {isa = PBXBuildFile; fileRef = EF00A5AC250A576F00B46913 /* CompassUIButton.swift */; };
		EF02D5F124FCED45005A9125 /* Main.storyboard in Resources */ = {isa = PBXBuildFile; fileRef = EF02D5F024FCED45005A9125 /* Main.storyboard */; };
		EF02D5F324FCED8F005A9125 /* LaunchScreen.storyboard in Resources */ = {isa = PBXBuildFile; fileRef = EF02D5F224FCED8F005A9125 /* LaunchScreen.storyboard */; };
		EF15E6AC25057176003B974E /* AuthModel.swift in Sources */ = {isa = PBXBuildFile; fileRef = EF15E6AB25057176003B974E /* AuthModel.swift */; };
		EF15E6AF250571E6003B974E /* AuthViewModel.swift in Sources */ = {isa = PBXBuildFile; fileRef = EF15E6AE250571E6003B974E /* AuthViewModel.swift */; };
		EF15E6B625057483003B974E /* AuthViewController.swift in Sources */ = {isa = PBXBuildFile; fileRef = EF15E6B525057483003B974E /* AuthViewController.swift */; };
		EF15E6B825057597003B974E /* Auth.storyboard in Resources */ = {isa = PBXBuildFile; fileRef = EF15E6B725057597003B974E /* Auth.storyboard */; };
		EF15E6BA250642BB003B974E /* AppCoordinator.swift in Sources */ = {isa = PBXBuildFile; fileRef = EF15E6B9250642BB003B974E /* AppCoordinator.swift */; };
		EF15E6BC250648BE003B974E /* BaseCoordinator.swift in Sources */ = {isa = PBXBuildFile; fileRef = EF15E6BB250648BE003B974E /* BaseCoordinator.swift */; };
		EF15E6BE25064D9A003B974E /* AuthCoordinator.swift in Sources */ = {isa = PBXBuildFile; fileRef = EF15E6BD25064D9A003B974E /* AuthCoordinator.swift */; };
		EF15E6C42507857C003B974E /* authAPI.swift in Sources */ = {isa = PBXBuildFile; fileRef = EF15E6C32507857C003B974E /* authAPI.swift */; };
		EF32D46E24FBB1B200B65664 /* AppDelegate.swift in Sources */ = {isa = PBXBuildFile; fileRef = EF32D46D24FBB1B200B65664 /* AppDelegate.swift */; };
		EF32D47024FBB1B200B65664 /* SceneDelegate.swift in Sources */ = {isa = PBXBuildFile; fileRef = EF32D46F24FBB1B200B65664 /* SceneDelegate.swift */; };
		EF32D47724FBB1B300B65664 /* Assets.xcassets in Resources */ = {isa = PBXBuildFile; fileRef = EF32D47624FBB1B300B65664 /* Assets.xcassets */; };
		EF32D48524FBB1B300B65664 /* MapAppTests.swift in Sources */ = {isa = PBXBuildFile; fileRef = EF32D48424FBB1B300B65664 /* MapAppTests.swift */; };
		EF32D49024FBB1B300B65664 /* MapAppUITests.swift in Sources */ = {isa = PBXBuildFile; fileRef = EF32D48F24FBB1B300B65664 /* MapAppUITests.swift */; };
		EF940CDB24FE6F57007BB2CA /* LocationServise.swift in Sources */ = {isa = PBXBuildFile; fileRef = EF940CDA24FE6F57007BB2CA /* LocationServise.swift */; };
		EF940CDD24FE77CF007BB2CA /* showAlert.swift in Sources */ = {isa = PBXBuildFile; fileRef = EF940CDC24FE77CF007BB2CA /* showAlert.swift */; };
		EFC3E0052507CA8400D85FED /* Constants.swift in Sources */ = {isa = PBXBuildFile; fileRef = EFC3E0042507CA8400D85FED /* Constants.swift */; };
		EFC3E0082507E08C00D85FED /* MapCoordinator.swift in Sources */ = {isa = PBXBuildFile; fileRef = EFC3E0072507E08C00D85FED /* MapCoordinator.swift */; };
		EFC3E00E2507E19100D85FED /* Map.storyboard in Resources */ = {isa = PBXBuildFile; fileRef = EFC3E00D2507E19100D85FED /* Map.storyboard */; };
		EFC3E0102507E1C100D85FED /* MapViewContoller.swift in Sources */ = {isa = PBXBuildFile; fileRef = EFC3E00F2507E1C100D85FED /* MapViewContoller.swift */; };
		EFC3E0122507E2E000D85FED /* MapViewModel.swift in Sources */ = {isa = PBXBuildFile; fileRef = EFC3E0112507E2E000D85FED /* MapViewModel.swift */; };
		EFC3E0142507E2EC00D85FED /* MapModel.swift in Sources */ = {isa = PBXBuildFile; fileRef = EFC3E0132507E2EC00D85FED /* MapModel.swift */; };
		EFC3E01C2507F28100D85FED /* RegisterViewController.swift in Sources */ = {isa = PBXBuildFile; fileRef = EFC3E01B2507F28100D85FED /* RegisterViewController.swift */; };
		EFC3E01E2507F29D00D85FED /* RegisterViewModel.swift in Sources */ = {isa = PBXBuildFile; fileRef = EFC3E01D2507F29D00D85FED /* RegisterViewModel.swift */; };
		EFC3E0202507F2AD00D85FED /* RegisterModel.swift in Sources */ = {isa = PBXBuildFile; fileRef = EFC3E01F2507F2AD00D85FED /* RegisterModel.swift */; };
		EFC3E0222507F2BB00D85FED /* RegisterCoordinator.swift in Sources */ = {isa = PBXBuildFile; fileRef = EFC3E0212507F2BB00D85FED /* RegisterCoordinator.swift */; };
		EFC3E0242507F53300D85FED /* Register.storyboard in Resources */ = {isa = PBXBuildFile; fileRef = EFC3E0232507F53300D85FED /* Register.storyboard */; };
		EFFC3F20250D4F6F00E37710 /* User.swift in Sources */ = {isa = PBXBuildFile; fileRef = EFFC3F1F250D4F6F00E37710 /* User.swift */; };
		FB77CD1C813CFFA48E513502 /* InitialRouter.swift in Sources */ = {isa = PBXBuildFile; fileRef = 73188E89274534223F8B7E3A /* InitialRouter.swift */; };
/* End PBXBuildFile section */

/* Begin PBXContainerItemProxy section */
		EF32D48124FBB1B300B65664 /* PBXContainerItemProxy */ = {
			isa = PBXContainerItemProxy;
			containerPortal = EF32D46224FBB1B200B65664 /* Project object */;
			proxyType = 1;
			remoteGlobalIDString = EF32D46924FBB1B200B65664;
			remoteInfo = MapApp;
		};
		EF32D48C24FBB1B300B65664 /* PBXContainerItemProxy */ = {
			isa = PBXContainerItemProxy;
			containerPortal = EF32D46224FBB1B200B65664 /* Project object */;
			proxyType = 1;
			remoteGlobalIDString = EF32D46924FBB1B200B65664;
			remoteInfo = MapApp;
		};
/* End PBXContainerItemProxy section */

/* Begin PBXFileReference section */
		0BDD248E5D7FEE224B5AFD92 /* InitialInteractorOutput.swift */ = {isa = PBXFileReference; includeInIndex = 1; lastKnownFileType = sourcecode.swift; path = InitialInteractorOutput.swift; sourceTree = "<group>"; };
		0EF9577A4784D8E7E4395FEE /* Pods_MapAppUITests.framework */ = {isa = PBXFileReference; explicitFileType = wrapper.framework; includeInIndex = 0; path = Pods_MapAppUITests.framework; sourceTree = BUILT_PRODUCTS_DIR; };
		129C4D1BD95D21FEA894BCFB /* InitialRouterInput.swift */ = {isa = PBXFileReference; includeInIndex = 1; lastKnownFileType = sourcecode.swift; path = InitialRouterInput.swift; sourceTree = "<group>"; };
		1783F11801BA536A52C24441 /* InitialConfigurator.swift */ = {isa = PBXFileReference; includeInIndex = 1; lastKnownFileType = sourcecode.swift; path = InitialConfigurator.swift; sourceTree = "<group>"; };
		18DDD13E70D0106E996FE59D /* InitialInitializer.swift */ = {isa = PBXFileReference; includeInIndex = 1; lastKnownFileType = sourcecode.swift; path = InitialInitializer.swift; sourceTree = "<group>"; };
		23CA94832CBF5E8A469F7E8C /* InitialPresenterTests.swift */ = {isa = PBXFileReference; includeInIndex = 1; lastKnownFileType = sourcecode.swift; path = InitialPresenterTests.swift; sourceTree = "<group>"; };
		28CB09B98AA775AF93D48B4B /* InitialInteractor.swift */ = {isa = PBXFileReference; includeInIndex = 1; lastKnownFileType = sourcecode.swift; path = InitialInteractor.swift; sourceTree = "<group>"; };
		2B4EC0AC513EEC844CFD6C7D /* InitialInteractorTests.swift */ = {isa = PBXFileReference; includeInIndex = 1; lastKnownFileType = sourcecode.swift; path = InitialInteractorTests.swift; sourceTree = "<group>"; };
		2B74764AA782BEDD004FA6C9 /* InitialViewTests.swift */ = {isa = PBXFileReference; includeInIndex = 1; lastKnownFileType = sourcecode.swift; path = InitialViewTests.swift; sourceTree = "<group>"; };
		3B71B80D4CC3786B72865DAF /* Pods-MapAppUITests.debug.xcconfig */ = {isa = PBXFileReference; includeInIndex = 1; lastKnownFileType = text.xcconfig; name = "Pods-MapAppUITests.debug.xcconfig"; path = "Target Support Files/Pods-MapAppUITests/Pods-MapAppUITests.debug.xcconfig"; sourceTree = "<group>"; };
		43EC0B319CE87D369EEE7D89 /* Pods-MapAppTests.release.xcconfig */ = {isa = PBXFileReference; includeInIndex = 1; lastKnownFileType = text.xcconfig; name = "Pods-MapAppTests.release.xcconfig"; path = "Target Support Files/Pods-MapAppTests/Pods-MapAppTests.release.xcconfig"; sourceTree = "<group>"; };
		4A83654751ACC21E897DCBC2 /* InitialRouterTests.swift */ = {isa = PBXFileReference; includeInIndex = 1; lastKnownFileType = sourcecode.swift; path = InitialRouterTests.swift; sourceTree = "<group>"; };
		4C95FCC79B0155220F831896 /* InitialInteractorInput.swift */ = {isa = PBXFileReference; includeInIndex = 1; lastKnownFileType = sourcecode.swift; path = InitialInteractorInput.swift; sourceTree = "<group>"; };
		52DF537682F79A8C679A1C08 /* Pods-MapAppUITests.release.xcconfig */ = {isa = PBXFileReference; includeInIndex = 1; lastKnownFileType = text.xcconfig; name = "Pods-MapAppUITests.release.xcconfig"; path = "Target Support Files/Pods-MapAppUITests/Pods-MapAppUITests.release.xcconfig"; sourceTree = "<group>"; };
		57ECCFE281744B2038196824 /* InitialViewInput.swift */ = {isa = PBXFileReference; includeInIndex = 1; lastKnownFileType = sourcecode.swift; path = InitialViewInput.swift; sourceTree = "<group>"; };
		60DCB1DF6A77712201DE997E /* Pods-MapApp.release.xcconfig */ = {isa = PBXFileReference; includeInIndex = 1; lastKnownFileType = text.xcconfig; name = "Pods-MapApp.release.xcconfig"; path = "Target Support Files/Pods-MapApp/Pods-MapApp.release.xcconfig"; sourceTree = "<group>"; };
		6AE6E2064543D603C34C7124 /* InitialPresenter.swift */ = {isa = PBXFileReference; includeInIndex = 1; lastKnownFileType = sourcecode.swift; path = InitialPresenter.swift; sourceTree = "<group>"; };
		73188E89274534223F8B7E3A /* InitialRouter.swift */ = {isa = PBXFileReference; includeInIndex = 1; lastKnownFileType = sourcecode.swift; path = InitialRouter.swift; sourceTree = "<group>"; };
		75489387BA42A2C99F4AA396 /* Pods-MapApp.debug.xcconfig */ = {isa = PBXFileReference; includeInIndex = 1; lastKnownFileType = text.xcconfig; name = "Pods-MapApp.debug.xcconfig"; path = "Target Support Files/Pods-MapApp/Pods-MapApp.debug.xcconfig"; sourceTree = "<group>"; };
		9C58B3BFF3B271E7E322F159 /* Pods_MapApp.framework */ = {isa = PBXFileReference; explicitFileType = wrapper.framework; includeInIndex = 0; path = Pods_MapApp.framework; sourceTree = BUILT_PRODUCTS_DIR; };
		A6C84AC96174D8205F1CE59D /* InitialConfiguratorTests.swift */ = {isa = PBXFileReference; includeInIndex = 1; lastKnownFileType = sourcecode.swift; path = InitialConfiguratorTests.swift; sourceTree = "<group>"; };
		ABAB0902BC48B24455822739 /* Pods_MapAppTests.framework */ = {isa = PBXFileReference; explicitFileType = wrapper.framework; includeInIndex = 0; path = Pods_MapAppTests.framework; sourceTree = BUILT_PRODUCTS_DIR; };
		C545FE9A11B1AC7FC52BBAFC /* InitialViewController.swift */ = {isa = PBXFileReference; includeInIndex = 1; lastKnownFileType = sourcecode.swift; path = InitialViewController.swift; sourceTree = "<group>"; };
		DF21F59927E7B876B9B38630 /* InitialViewOutput.swift */ = {isa = PBXFileReference; includeInIndex = 1; lastKnownFileType = sourcecode.swift; path = InitialViewOutput.swift; sourceTree = "<group>"; };
		ED77F916FDC772235DA70ABC /* InitialModuleInput.swift */ = {isa = PBXFileReference; includeInIndex = 1; lastKnownFileType = sourcecode.swift; path = InitialModuleInput.swift; sourceTree = "<group>"; };
		EF00A5AC250A576F00B46913 /* CompassUIButton.swift */ = {isa = PBXFileReference; lastKnownFileType = sourcecode.swift; path = CompassUIButton.swift; sourceTree = "<group>"; };
		EF02D5F024FCED45005A9125 /* Main.storyboard */ = {isa = PBXFileReference; lastKnownFileType = file.storyboard; path = Main.storyboard; sourceTree = "<group>"; };
		EF02D5F224FCED8F005A9125 /* LaunchScreen.storyboard */ = {isa = PBXFileReference; lastKnownFileType = file.storyboard; path = LaunchScreen.storyboard; sourceTree = "<group>"; };
		EF15E6AB25057176003B974E /* AuthModel.swift */ = {isa = PBXFileReference; lastKnownFileType = sourcecode.swift; path = AuthModel.swift; sourceTree = "<group>"; };
		EF15E6AE250571E6003B974E /* AuthViewModel.swift */ = {isa = PBXFileReference; lastKnownFileType = sourcecode.swift; path = AuthViewModel.swift; sourceTree = "<group>"; };
		EF15E6B525057483003B974E /* AuthViewController.swift */ = {isa = PBXFileReference; lastKnownFileType = sourcecode.swift; path = AuthViewController.swift; sourceTree = "<group>"; };
		EF15E6B725057597003B974E /* Auth.storyboard */ = {isa = PBXFileReference; lastKnownFileType = file.storyboard; path = Auth.storyboard; sourceTree = "<group>"; };
		EF15E6B9250642BB003B974E /* AppCoordinator.swift */ = {isa = PBXFileReference; lastKnownFileType = sourcecode.swift; path = AppCoordinator.swift; sourceTree = "<group>"; };
		EF15E6BB250648BE003B974E /* BaseCoordinator.swift */ = {isa = PBXFileReference; lastKnownFileType = sourcecode.swift; path = BaseCoordinator.swift; sourceTree = "<group>"; };
		EF15E6BD25064D9A003B974E /* AuthCoordinator.swift */ = {isa = PBXFileReference; lastKnownFileType = sourcecode.swift; path = AuthCoordinator.swift; sourceTree = "<group>"; };
		EF15E6C32507857C003B974E /* authAPI.swift */ = {isa = PBXFileReference; lastKnownFileType = sourcecode.swift; path = authAPI.swift; sourceTree = "<group>"; };
		EF32D46A24FBB1B200B65664 /* MapApp.app */ = {isa = PBXFileReference; explicitFileType = wrapper.application; includeInIndex = 0; path = MapApp.app; sourceTree = BUILT_PRODUCTS_DIR; };
		EF32D46D24FBB1B200B65664 /* AppDelegate.swift */ = {isa = PBXFileReference; lastKnownFileType = sourcecode.swift; path = AppDelegate.swift; sourceTree = "<group>"; };
		EF32D46F24FBB1B200B65664 /* SceneDelegate.swift */ = {isa = PBXFileReference; lastKnownFileType = sourcecode.swift; path = SceneDelegate.swift; sourceTree = "<group>"; };
		EF32D47624FBB1B300B65664 /* Assets.xcassets */ = {isa = PBXFileReference; lastKnownFileType = folder.assetcatalog; path = Assets.xcassets; sourceTree = "<group>"; };
		EF32D47B24FBB1B300B65664 /* Info.plist */ = {isa = PBXFileReference; lastKnownFileType = text.plist.xml; path = Info.plist; sourceTree = "<group>"; };
		EF32D48024FBB1B300B65664 /* MapAppTests.xctest */ = {isa = PBXFileReference; explicitFileType = wrapper.cfbundle; includeInIndex = 0; path = MapAppTests.xctest; sourceTree = BUILT_PRODUCTS_DIR; };
		EF32D48424FBB1B300B65664 /* MapAppTests.swift */ = {isa = PBXFileReference; lastKnownFileType = sourcecode.swift; path = MapAppTests.swift; sourceTree = "<group>"; };
		EF32D48624FBB1B300B65664 /* Info.plist */ = {isa = PBXFileReference; lastKnownFileType = text.plist.xml; path = Info.plist; sourceTree = "<group>"; };
		EF32D48B24FBB1B300B65664 /* MapAppUITests.xctest */ = {isa = PBXFileReference; explicitFileType = wrapper.cfbundle; includeInIndex = 0; path = MapAppUITests.xctest; sourceTree = BUILT_PRODUCTS_DIR; };
		EF32D48F24FBB1B300B65664 /* MapAppUITests.swift */ = {isa = PBXFileReference; lastKnownFileType = sourcecode.swift; path = MapAppUITests.swift; sourceTree = "<group>"; };
		EF32D49124FBB1B300B65664 /* Info.plist */ = {isa = PBXFileReference; lastKnownFileType = text.plist.xml; path = Info.plist; sourceTree = "<group>"; };
		EF940CDA24FE6F57007BB2CA /* LocationServise.swift */ = {isa = PBXFileReference; lastKnownFileType = sourcecode.swift; path = LocationServise.swift; sourceTree = "<group>"; };
		EF940CDC24FE77CF007BB2CA /* showAlert.swift */ = {isa = PBXFileReference; lastKnownFileType = sourcecode.swift; path = showAlert.swift; sourceTree = "<group>"; };
		EFC3E0042507CA8400D85FED /* Constants.swift */ = {isa = PBXFileReference; lastKnownFileType = sourcecode.swift; path = Constants.swift; sourceTree = "<group>"; };
		EFC3E0072507E08C00D85FED /* MapCoordinator.swift */ = {isa = PBXFileReference; lastKnownFileType = sourcecode.swift; path = MapCoordinator.swift; sourceTree = "<group>"; };
		EFC3E00D2507E19100D85FED /* Map.storyboard */ = {isa = PBXFileReference; lastKnownFileType = file.storyboard; path = Map.storyboard; sourceTree = "<group>"; };
		EFC3E00F2507E1C100D85FED /* MapViewContoller.swift */ = {isa = PBXFileReference; lastKnownFileType = sourcecode.swift; path = MapViewContoller.swift; sourceTree = "<group>"; };
		EFC3E0112507E2E000D85FED /* MapViewModel.swift */ = {isa = PBXFileReference; lastKnownFileType = sourcecode.swift; path = MapViewModel.swift; sourceTree = "<group>"; };
		EFC3E0132507E2EC00D85FED /* MapModel.swift */ = {isa = PBXFileReference; lastKnownFileType = sourcecode.swift; path = MapModel.swift; sourceTree = "<group>"; };
		EFC3E01B2507F28100D85FED /* RegisterViewController.swift */ = {isa = PBXFileReference; lastKnownFileType = sourcecode.swift; path = RegisterViewController.swift; sourceTree = "<group>"; };
		EFC3E01D2507F29D00D85FED /* RegisterViewModel.swift */ = {isa = PBXFileReference; lastKnownFileType = sourcecode.swift; path = RegisterViewModel.swift; sourceTree = "<group>"; };
		EFC3E01F2507F2AD00D85FED /* RegisterModel.swift */ = {isa = PBXFileReference; lastKnownFileType = sourcecode.swift; path = RegisterModel.swift; sourceTree = "<group>"; };
		EFC3E0212507F2BB00D85FED /* RegisterCoordinator.swift */ = {isa = PBXFileReference; lastKnownFileType = sourcecode.swift; path = RegisterCoordinator.swift; sourceTree = "<group>"; };
		EFC3E0232507F53300D85FED /* Register.storyboard */ = {isa = PBXFileReference; lastKnownFileType = file.storyboard; path = Register.storyboard; sourceTree = "<group>"; };
		EFFC3F1F250D4F6F00E37710 /* User.swift */ = {isa = PBXFileReference; lastKnownFileType = sourcecode.swift; path = User.swift; sourceTree = "<group>"; };
		F72D31CC7B682D0148A3E3D9 /* Pods-MapAppTests.debug.xcconfig */ = {isa = PBXFileReference; includeInIndex = 1; lastKnownFileType = text.xcconfig; name = "Pods-MapAppTests.debug.xcconfig"; path = "Target Support Files/Pods-MapAppTests/Pods-MapAppTests.debug.xcconfig"; sourceTree = "<group>"; };
/* End PBXFileReference section */

/* Begin PBXFrameworksBuildPhase section */
		EF32D46724FBB1B200B65664 /* Frameworks */ = {
			isa = PBXFrameworksBuildPhase;
			buildActionMask = 2147483647;
			files = (
				C7A07F9BA179D4B93E971EDD /* Pods_MapApp.framework in Frameworks */,
			);
			runOnlyForDeploymentPostprocessing = 0;
		};
		EF32D47D24FBB1B300B65664 /* Frameworks */ = {
			isa = PBXFrameworksBuildPhase;
			buildActionMask = 2147483647;
			files = (
				537A02149B22A94CF08B59D9 /* Pods_MapAppTests.framework in Frameworks */,
			);
			runOnlyForDeploymentPostprocessing = 0;
		};
		EF32D48824FBB1B300B65664 /* Frameworks */ = {
			isa = PBXFrameworksBuildPhase;
			buildActionMask = 2147483647;
			files = (
				8E430E864E5AADD565D79087 /* Pods_MapAppUITests.framework in Frameworks */,
			);
			runOnlyForDeploymentPostprocessing = 0;
		};
/* End PBXFrameworksBuildPhase section */

/* Begin PBXGroup section */
		09512DAD5EA9F8E298C91D4E /* Router */ = {
			isa = PBXGroup;
			children = (
				4A83654751ACC21E897DCBC2 /* InitialRouterTests.swift */,
			);
			path = Router;
			sourceTree = "<group>";
		};
		0A5DE1CDB812A1372BCA730D /* Interactor */ = {
			isa = PBXGroup;
			children = (
				2B4EC0AC513EEC844CFD6C7D /* InitialInteractorTests.swift */,
			);
			path = Interactor;
			sourceTree = "<group>";
		};
		1BD6C49BFBE9A634269A6C4C /* Pods */ = {
			isa = PBXGroup;
			children = (
				75489387BA42A2C99F4AA396 /* Pods-MapApp.debug.xcconfig */,
				60DCB1DF6A77712201DE997E /* Pods-MapApp.release.xcconfig */,
				F72D31CC7B682D0148A3E3D9 /* Pods-MapAppTests.debug.xcconfig */,
				43EC0B319CE87D369EEE7D89 /* Pods-MapAppTests.release.xcconfig */,
				3B71B80D4CC3786B72865DAF /* Pods-MapAppUITests.debug.xcconfig */,
				52DF537682F79A8C679A1C08 /* Pods-MapAppUITests.release.xcconfig */,
			);
			path = Pods;
			sourceTree = "<group>";
		};
		37CA99A59FBC187B3AB59036 /* Initial */ = {
			isa = PBXGroup;
			children = (
				F995437796C3A680B334917B /* Configurator */,
				90059BAC55CC94AA6DF08DBD /* View */,
				0A5DE1CDB812A1372BCA730D /* Interactor */,
				CD28B8B7A4D3859821BBC9C7 /* Presenter */,
				09512DAD5EA9F8E298C91D4E /* Router */,
			);
			path = Initial;
			sourceTree = "<group>";
		};
		49FCE9A806E611BFA46CDA2D /* Presenter */ = {
			isa = PBXGroup;
			children = (
				ED77F916FDC772235DA70ABC /* InitialModuleInput.swift */,
				6AE6E2064543D603C34C7124 /* InitialPresenter.swift */,
			);
			path = Presenter;
			sourceTree = "<group>";
		};
		5F18BB3747A9A973BB189CF5 /* View */ = {
			isa = PBXGroup;
			children = (
				57ECCFE281744B2038196824 /* InitialViewInput.swift */,
				DF21F59927E7B876B9B38630 /* InitialViewOutput.swift */,
				C545FE9A11B1AC7FC52BBAFC /* InitialViewController.swift */,
			);
			path = View;
			sourceTree = "<group>";
		};
		80CD71D11243CC14F7851107 /* Initial */ = {
			isa = PBXGroup;
			children = (
				5F18BB3747A9A973BB189CF5 /* View */,
				49FCE9A806E611BFA46CDA2D /* Presenter */,
				D01F87BB2B8E61C743A2E6B9 /* Interactor */,
				B5A6FDB0F8575BD9689B91ED /* Router */,
				D4AD4CB36406488043DA5465 /* Configurator */,
			);
			path = Initial;
			sourceTree = "<group>";
		};
		90059BAC55CC94AA6DF08DBD /* View */ = {
			isa = PBXGroup;
			children = (
				2B74764AA782BEDD004FA6C9 /* InitialViewTests.swift */,
			);
			path = View;
			sourceTree = "<group>";
		};
		B5A6FDB0F8575BD9689B91ED /* Router */ = {
			isa = PBXGroup;
			children = (
				129C4D1BD95D21FEA894BCFB /* InitialRouterInput.swift */,
				73188E89274534223F8B7E3A /* InitialRouter.swift */,
			);
			path = Router;
			sourceTree = "<group>";
		};
		CD28B8B7A4D3859821BBC9C7 /* Presenter */ = {
			isa = PBXGroup;
			children = (
				23CA94832CBF5E8A469F7E8C /* InitialPresenterTests.swift */,
			);
			path = Presenter;
			sourceTree = "<group>";
		};
		D01F87BB2B8E61C743A2E6B9 /* Interactor */ = {
			isa = PBXGroup;
			children = (
				4C95FCC79B0155220F831896 /* InitialInteractorInput.swift */,
				0BDD248E5D7FEE224B5AFD92 /* InitialInteractorOutput.swift */,
				28CB09B98AA775AF93D48B4B /* InitialInteractor.swift */,
			);
			path = Interactor;
			sourceTree = "<group>";
		};
		D4AD4CB36406488043DA5465 /* Configurator */ = {
			isa = PBXGroup;
			children = (
				1783F11801BA536A52C24441 /* InitialConfigurator.swift */,
				18DDD13E70D0106E996FE59D /* InitialInitializer.swift */,
			);
			path = Configurator;
			sourceTree = "<group>";
		};
		EDBA0FD75C25C68F5C6528C0 /* Frameworks */ = {
			isa = PBXGroup;
			children = (
				9C58B3BFF3B271E7E322F159 /* Pods_MapApp.framework */,
				ABAB0902BC48B24455822739 /* Pods_MapAppTests.framework */,
				0EF9577A4784D8E7E4395FEE /* Pods_MapAppUITests.framework */,
			);
			name = Frameworks;
			sourceTree = "<group>";
		};
		EF02D5E924FCE469005A9125 /* Resourse */ = {
			isa = PBXGroup;
			children = (
				EF32D47624FBB1B300B65664 /* Assets.xcassets */,
				EF02D5F224FCED8F005A9125 /* LaunchScreen.storyboard */,
			);
			path = Resourse;
			sourceTree = "<group>";
		};
		EF02D5EA24FCE499005A9125 /* Utils */ = {
			isa = PBXGroup;
			children = (
				EF940CDC24FE77CF007BB2CA /* showAlert.swift */,
				EFC3E0042507CA8400D85FED /* Constants.swift */,
			);
			path = Utils;
			sourceTree = "<group>";
		};
		EF02D5EB24FCE4A7005A9125 /* App */ = {
			isa = PBXGroup;
			children = (
				EF15E6B9250642BB003B974E /* AppCoordinator.swift */,
				EF15E6BB250648BE003B974E /* BaseCoordinator.swift */,
				EF32D46D24FBB1B200B65664 /* AppDelegate.swift */,
				EF32D46F24FBB1B200B65664 /* SceneDelegate.swift */,
				EF02D5EE24FCE4FE005A9125 /* Assembly */,
				EF02D5ED24FCE4E4005A9125 /* Entity */,
				EF02D5EC24FCE4C2005A9125 /* Flowes */,
				EF02D5EF24FCE512005A9125 /* BusinessLogic */,
			);
			path = App;
			sourceTree = "<group>";
		};
		EF02D5EC24FCE4C2005A9125 /* Flowes */ = {
			isa = PBXGroup;
			children = (
				EF02D5F024FCED45005A9125 /* Main.storyboard */,
				EF15E6B725057597003B974E /* Auth.storyboard */,
				EFC3E0232507F53300D85FED /* Register.storyboard */,
				EFC3E00D2507E19100D85FED /* Map.storyboard */,
			);
			path = Flowes;
			sourceTree = "<group>";
		};
		EF02D5ED24FCE4E4005A9125 /* Entity */ = {
			isa = PBXGroup;
			children = (
				EFFC3F1F250D4F6F00E37710 /* User.swift */,
			);
			path = Entity;
			sourceTree = "<group>";
		};
		EF02D5EE24FCE4FE005A9125 /* Assembly */ = {
			isa = PBXGroup;
			children = (
			);
			path = Assembly;
			sourceTree = "<group>";
		};
		EF02D5EF24FCE512005A9125 /* BusinessLogic */ = {
			isa = PBXGroup;
			children = (
				EF15E6C225078566003B974E /* Services */,
				EF15E6AA25057158003B974E /* Auth */,
				EFC3E0152507F1FF00D85FED /* Registration */,
				EFC3E0062507E07C00D85FED /* Map */,
				80CD71D11243CC14F7851107 /* Initial */,
			);
			path = BusinessLogic;
			sourceTree = "<group>";
		};
		EF056BFB24FCE3BD00B23182 /* Environments */ = {
			isa = PBXGroup;
			children = (
				EF940CD724FE6E86007BB2CA /* Assets */,
				EF940CD824FE6E8D007BB2CA /* Sources */,
			);
			path = Environments;
			sourceTree = "<group>";
		};
		EF15E6AA25057158003B974E /* Auth */ = {
			isa = PBXGroup;
			children = (
				EF15E6BF25064D9E003B974E /* Coordinator */,
				EF15E6B025057242003B974E /* Model */,
				EF15E6B125057253003B974E /* ViewModel */,
				EF15E6B22505726E003B974E /* View */,
			);
			path = Auth;
			sourceTree = "<group>";
		};
		EF15E6B025057242003B974E /* Model */ = {
			isa = PBXGroup;
			children = (
				EF15E6AB25057176003B974E /* AuthModel.swift */,
			);
			path = Model;
			sourceTree = "<group>";
		};
		EF15E6B125057253003B974E /* ViewModel */ = {
			isa = PBXGroup;
			children = (
				EF15E6AE250571E6003B974E /* AuthViewModel.swift */,
			);
			path = ViewModel;
			sourceTree = "<group>";
		};
		EF15E6B22505726E003B974E /* View */ = {
			isa = PBXGroup;
			children = (
				EF15E6B525057483003B974E /* AuthViewController.swift */,
			);
			path = View;
			sourceTree = "<group>";
		};
		EF15E6BF25064D9E003B974E /* Coordinator */ = {
			isa = PBXGroup;
			children = (
				EF15E6BD25064D9A003B974E /* AuthCoordinator.swift */,
			);
			path = Coordinator;
			sourceTree = "<group>";
		};
		EF15E6C225078566003B974E /* Services */ = {
			isa = PBXGroup;
			children = (
				EF15E6C32507857C003B974E /* authAPI.swift */,
			);
			path = Services;
			sourceTree = "<group>";
		};
		EF32D46124FBB1B200B65664 = {
			isa = PBXGroup;
			children = (
				EF32D46C24FBB1B200B65664 /* MapApp */,
				EF32D48324FBB1B300B65664 /* MapAppTests */,
				EF32D48E24FBB1B300B65664 /* MapAppUITests */,
				EF32D46B24FBB1B200B65664 /* Products */,
				1BD6C49BFBE9A634269A6C4C /* Pods */,
				EDBA0FD75C25C68F5C6528C0 /* Frameworks */,
			);
			sourceTree = "<group>";
		};
		EF32D46B24FBB1B200B65664 /* Products */ = {
			isa = PBXGroup;
			children = (
				EF32D46A24FBB1B200B65664 /* MapApp.app */,
				EF32D48024FBB1B300B65664 /* MapAppTests.xctest */,
				EF32D48B24FBB1B300B65664 /* MapAppUITests.xctest */,
			);
			name = Products;
			sourceTree = "<group>";
		};
		EF32D46C24FBB1B200B65664 /* MapApp */ = {
			isa = PBXGroup;
			children = (
				EF056BFB24FCE3BD00B23182 /* Environments */,
				EF02D5E924FCE469005A9125 /* Resourse */,
				EF02D5EA24FCE499005A9125 /* Utils */,
				EF02D5EB24FCE4A7005A9125 /* App */,
			);
			path = MapApp;
			sourceTree = "<group>";
		};
		EF32D48324FBB1B300B65664 /* MapAppTests */ = {
			isa = PBXGroup;
			children = (
				EF32D48424FBB1B300B65664 /* MapAppTests.swift */,
				EF32D48624FBB1B300B65664 /* Info.plist */,
				37CA99A59FBC187B3AB59036 /* Initial */,
			);
			path = MapAppTests;
			sourceTree = "<group>";
		};
		EF32D48E24FBB1B300B65664 /* MapAppUITests */ = {
			isa = PBXGroup;
			children = (
				EF32D48F24FBB1B300B65664 /* MapAppUITests.swift */,
				EF32D49124FBB1B300B65664 /* Info.plist */,
			);
			path = MapAppUITests;
			sourceTree = "<group>";
		};
		EF940CD724FE6E86007BB2CA /* Assets */ = {
			isa = PBXGroup;
			children = (
				EF32D47B24FBB1B300B65664 /* Info.plist */,
			);
			path = Assets;
			sourceTree = "<group>";
		};
		EF940CD824FE6E8D007BB2CA /* Sources */ = {
			isa = PBXGroup;
			children = (
				EF940CD924FE6E94007BB2CA /* Services */,
			);
			path = Sources;
			sourceTree = "<group>";
		};
		EF940CD924FE6E94007BB2CA /* Services */ = {
			isa = PBXGroup;
			children = (
				EF940CDA24FE6F57007BB2CA /* LocationServise.swift */,
			);
			path = Services;
			sourceTree = "<group>";
		};
		EFC3E0062507E07C00D85FED /* Map */ = {
			isa = PBXGroup;
			children = (
				EFC3E0092507E10800D85FED /* Coordinator */,
				EFC3E00A2507E11300D85FED /* Model */,
				EFC3E00B2507E11A00D85FED /* ViewModel */,
				EFC3E00C2507E12200D85FED /* View */,
			);
			path = Map;
			sourceTree = "<group>";
		};
		EFC3E0092507E10800D85FED /* Coordinator */ = {
			isa = PBXGroup;
			children = (
				EFC3E0072507E08C00D85FED /* MapCoordinator.swift */,
			);
			path = Coordinator;
			sourceTree = "<group>";
		};
		EFC3E00A2507E11300D85FED /* Model */ = {
			isa = PBXGroup;
			children = (
				EFC3E0132507E2EC00D85FED /* MapModel.swift */,
			);
			path = Model;
			sourceTree = "<group>";
		};
		EFC3E00B2507E11A00D85FED /* ViewModel */ = {
			isa = PBXGroup;
			children = (
				EF00A5AC250A576F00B46913 /* CompassUIButton.swift */,
				EFC3E0112507E2E000D85FED /* MapViewModel.swift */,
			);
			path = ViewModel;
			sourceTree = "<group>";
		};
		EFC3E00C2507E12200D85FED /* View */ = {
			isa = PBXGroup;
			children = (
				EFC3E00F2507E1C100D85FED /* MapViewContoller.swift */,
			);
			path = View;
			sourceTree = "<group>";
		};
		EFC3E0152507F1FF00D85FED /* Registration */ = {
			isa = PBXGroup;
			children = (
				EFC3E0162507F20B00D85FED /* Coordinator */,
				EFC3E0192507F22500D85FED /* Model */,
				EFC3E0182507F21D00D85FED /* ViewModel */,
				EFC3E0172507F21400D85FED /* View */,
			);
			path = Registration;
			sourceTree = "<group>";
		};
		EFC3E0162507F20B00D85FED /* Coordinator */ = {
			isa = PBXGroup;
			children = (
				EFC3E0212507F2BB00D85FED /* RegisterCoordinator.swift */,
			);
			path = Coordinator;
			sourceTree = "<group>";
		};
		EFC3E0172507F21400D85FED /* View */ = {
			isa = PBXGroup;
			children = (
				EFC3E01B2507F28100D85FED /* RegisterViewController.swift */,
			);
			path = View;
			sourceTree = "<group>";
		};
		EFC3E0182507F21D00D85FED /* ViewModel */ = {
			isa = PBXGroup;
			children = (
				EFC3E01D2507F29D00D85FED /* RegisterViewModel.swift */,
			);
			path = ViewModel;
			sourceTree = "<group>";
		};
		EFC3E0192507F22500D85FED /* Model */ = {
			isa = PBXGroup;
			children = (
				EFC3E01F2507F2AD00D85FED /* RegisterModel.swift */,
			);
			path = Model;
			sourceTree = "<group>";
		};
		F995437796C3A680B334917B /* Configurator */ = {
			isa = PBXGroup;
			children = (
				A6C84AC96174D8205F1CE59D /* InitialConfiguratorTests.swift */,
			);
			path = Configurator;
			sourceTree = "<group>";
		};
/* End PBXGroup section */

/* Begin PBXNativeTarget section */
		EF32D46924FBB1B200B65664 /* MapApp */ = {
			isa = PBXNativeTarget;
			buildConfigurationList = EF32D49424FBB1B300B65664 /* Build configuration list for PBXNativeTarget "MapApp" */;
			buildPhases = (
				305D32D8157CF11934994333 /* [CP] Check Pods Manifest.lock */,
				EF056BFA24FC302000B23182 /* SwiftLint Script */,
				EF32D46624FBB1B200B65664 /* Sources */,
				EF32D46724FBB1B200B65664 /* Frameworks */,
				EF32D46824FBB1B200B65664 /* Resources */,
				D9A6873427ED5CC73209B42E /* [CP] Embed Pods Frameworks */,
				7164396F645DCFFD2F7CFD4D /* [CP] Copy Pods Resources */,
			);
			buildRules = (
			);
			dependencies = (
			);
			name = MapApp;
			productName = MapApp;
			productReference = EF32D46A24FBB1B200B65664 /* MapApp.app */;
			productType = "com.apple.product-type.application";
		};
		EF32D47F24FBB1B300B65664 /* MapAppTests */ = {
			isa = PBXNativeTarget;
			buildConfigurationList = EF32D49724FBB1B300B65664 /* Build configuration list for PBXNativeTarget "MapAppTests" */;
			buildPhases = (
				5490C3F4ABFA3108DF8DFA5E /* [CP] Check Pods Manifest.lock */,
				EF32D47C24FBB1B300B65664 /* Sources */,
				EF32D47D24FBB1B300B65664 /* Frameworks */,
				EF32D47E24FBB1B300B65664 /* Resources */,
			);
			buildRules = (
			);
			dependencies = (
				EF32D48224FBB1B300B65664 /* PBXTargetDependency */,
			);
			name = MapAppTests;
			productName = MapAppTests;
			productReference = EF32D48024FBB1B300B65664 /* MapAppTests.xctest */;
			productType = "com.apple.product-type.bundle.unit-test";
		};
		EF32D48A24FBB1B300B65664 /* MapAppUITests */ = {
			isa = PBXNativeTarget;
			buildConfigurationList = EF32D49A24FBB1B300B65664 /* Build configuration list for PBXNativeTarget "MapAppUITests" */;
			buildPhases = (
				924A2F904A205CC9FFAE26A0 /* [CP] Check Pods Manifest.lock */,
				EF32D48724FBB1B300B65664 /* Sources */,
				EF32D48824FBB1B300B65664 /* Frameworks */,
				EF32D48924FBB1B300B65664 /* Resources */,
				2D0ACDF60C95D1CCCC3DBFEE /* [CP] Embed Pods Frameworks */,
			);
			buildRules = (
			);
			dependencies = (
				EF32D48D24FBB1B300B65664 /* PBXTargetDependency */,
			);
			name = MapAppUITests;
			productName = MapAppUITests;
			productReference = EF32D48B24FBB1B300B65664 /* MapAppUITests.xctest */;
			productType = "com.apple.product-type.bundle.ui-testing";
		};
/* End PBXNativeTarget section */

/* Begin PBXProject section */
		EF32D46224FBB1B200B65664 /* Project object */ = {
			isa = PBXProject;
			attributes = {
				LastSwiftUpdateCheck = 1160;
				LastUpgradeCheck = 1160;
				ORGANIZATIONNAME = "Кирилл Титов";
				TargetAttributes = {
					EF32D46924FBB1B200B65664 = {
						CreatedOnToolsVersion = 11.6;
					};
					EF32D47F24FBB1B300B65664 = {
						CreatedOnToolsVersion = 11.6;
						TestTargetID = EF32D46924FBB1B200B65664;
					};
					EF32D48A24FBB1B300B65664 = {
						CreatedOnToolsVersion = 11.6;
						TestTargetID = EF32D46924FBB1B200B65664;
					};
				};
			};
			buildConfigurationList = EF32D46524FBB1B200B65664 /* Build configuration list for PBXProject "MapApp" */;
			compatibilityVersion = "Xcode 9.3";
			developmentRegion = en;
			hasScannedForEncodings = 0;
			knownRegions = (
				en,
				Base,
			);
			mainGroup = EF32D46124FBB1B200B65664;
			productRefGroup = EF32D46B24FBB1B200B65664 /* Products */;
			projectDirPath = "";
			projectRoot = "";
			targets = (
				EF32D46924FBB1B200B65664 /* MapApp */,
				EF32D47F24FBB1B300B65664 /* MapAppTests */,
				EF32D48A24FBB1B300B65664 /* MapAppUITests */,
			);
		};
/* End PBXProject section */

/* Begin PBXResourcesBuildPhase section */
		EF32D46824FBB1B200B65664 /* Resources */ = {
			isa = PBXResourcesBuildPhase;
			buildActionMask = 2147483647;
			files = (
				EF15E6B825057597003B974E /* Auth.storyboard in Resources */,
				EF02D5F324FCED8F005A9125 /* LaunchScreen.storyboard in Resources */,
				EFC3E00E2507E19100D85FED /* Map.storyboard in Resources */,
				EF32D47724FBB1B300B65664 /* Assets.xcassets in Resources */,
				EF02D5F124FCED45005A9125 /* Main.storyboard in Resources */,
				EFC3E0242507F53300D85FED /* Register.storyboard in Resources */,
			);
			runOnlyForDeploymentPostprocessing = 0;
		};
		EF32D47E24FBB1B300B65664 /* Resources */ = {
			isa = PBXResourcesBuildPhase;
			buildActionMask = 2147483647;
			files = (
			);
			runOnlyForDeploymentPostprocessing = 0;
		};
		EF32D48924FBB1B300B65664 /* Resources */ = {
			isa = PBXResourcesBuildPhase;
			buildActionMask = 2147483647;
			files = (
			);
			runOnlyForDeploymentPostprocessing = 0;
		};
/* End PBXResourcesBuildPhase section */

/* Begin PBXShellScriptBuildPhase section */
		2D0ACDF60C95D1CCCC3DBFEE /* [CP] Embed Pods Frameworks */ = {
			isa = PBXShellScriptBuildPhase;
			buildActionMask = 2147483647;
			files = (
			);
			inputFileListPaths = (
				"${PODS_ROOT}/Target Support Files/Pods-MapAppUITests/Pods-MapAppUITests-frameworks-${CONFIGURATION}-input-files.xcfilelist",
			);
			name = "[CP] Embed Pods Frameworks";
			outputFileListPaths = (
				"${PODS_ROOT}/Target Support Files/Pods-MapAppUITests/Pods-MapAppUITests-frameworks-${CONFIGURATION}-output-files.xcfilelist",
			);
			runOnlyForDeploymentPostprocessing = 0;
			shellPath = /bin/sh;
			shellScript = "\"${PODS_ROOT}/Target Support Files/Pods-MapAppUITests/Pods-MapAppUITests-frameworks.sh\"\n";
			showEnvVarsInLog = 0;
		};
		305D32D8157CF11934994333 /* [CP] Check Pods Manifest.lock */ = {
			isa = PBXShellScriptBuildPhase;
			buildActionMask = 2147483647;
			files = (
			);
			inputFileListPaths = (
			);
			inputPaths = (
				"${PODS_PODFILE_DIR_PATH}/Podfile.lock",
				"${PODS_ROOT}/Manifest.lock",
			);
			name = "[CP] Check Pods Manifest.lock";
			outputFileListPaths = (
			);
			outputPaths = (
				"$(DERIVED_FILE_DIR)/Pods-MapApp-checkManifestLockResult.txt",
			);
			runOnlyForDeploymentPostprocessing = 0;
			shellPath = /bin/sh;
			shellScript = "diff \"${PODS_PODFILE_DIR_PATH}/Podfile.lock\" \"${PODS_ROOT}/Manifest.lock\" > /dev/null\nif [ $? != 0 ] ; then\n    # print error to STDERR\n    echo \"error: The sandbox is not in sync with the Podfile.lock. Run 'pod install' or update your CocoaPods installation.\" >&2\n    exit 1\nfi\n# This output is used by Xcode 'outputs' to avoid re-running this script phase.\necho \"SUCCESS\" > \"${SCRIPT_OUTPUT_FILE_0}\"\n";
			showEnvVarsInLog = 0;
		};
		5490C3F4ABFA3108DF8DFA5E /* [CP] Check Pods Manifest.lock */ = {
			isa = PBXShellScriptBuildPhase;
			buildActionMask = 2147483647;
			files = (
			);
			inputFileListPaths = (
			);
			inputPaths = (
				"${PODS_PODFILE_DIR_PATH}/Podfile.lock",
				"${PODS_ROOT}/Manifest.lock",
			);
			name = "[CP] Check Pods Manifest.lock";
			outputFileListPaths = (
			);
			outputPaths = (
				"$(DERIVED_FILE_DIR)/Pods-MapAppTests-checkManifestLockResult.txt",
			);
			runOnlyForDeploymentPostprocessing = 0;
			shellPath = /bin/sh;
			shellScript = "diff \"${PODS_PODFILE_DIR_PATH}/Podfile.lock\" \"${PODS_ROOT}/Manifest.lock\" > /dev/null\nif [ $? != 0 ] ; then\n    # print error to STDERR\n    echo \"error: The sandbox is not in sync with the Podfile.lock. Run 'pod install' or update your CocoaPods installation.\" >&2\n    exit 1\nfi\n# This output is used by Xcode 'outputs' to avoid re-running this script phase.\necho \"SUCCESS\" > \"${SCRIPT_OUTPUT_FILE_0}\"\n";
			showEnvVarsInLog = 0;
		};
		7164396F645DCFFD2F7CFD4D /* [CP] Copy Pods Resources */ = {
			isa = PBXShellScriptBuildPhase;
			buildActionMask = 2147483647;
			files = (
			);
			inputFileListPaths = (
				"${PODS_ROOT}/Target Support Files/Pods-MapApp/Pods-MapApp-resources-${CONFIGURATION}-input-files.xcfilelist",
			);
			name = "[CP] Copy Pods Resources";
			outputFileListPaths = (
				"${PODS_ROOT}/Target Support Files/Pods-MapApp/Pods-MapApp-resources-${CONFIGURATION}-output-files.xcfilelist",
			);
			runOnlyForDeploymentPostprocessing = 0;
			shellPath = /bin/sh;
			shellScript = "\"${PODS_ROOT}/Target Support Files/Pods-MapApp/Pods-MapApp-resources.sh\"\n";
			showEnvVarsInLog = 0;
		};
		924A2F904A205CC9FFAE26A0 /* [CP] Check Pods Manifest.lock */ = {
			isa = PBXShellScriptBuildPhase;
			buildActionMask = 2147483647;
			files = (
			);
			inputFileListPaths = (
			);
			inputPaths = (
				"${PODS_PODFILE_DIR_PATH}/Podfile.lock",
				"${PODS_ROOT}/Manifest.lock",
			);
			name = "[CP] Check Pods Manifest.lock";
			outputFileListPaths = (
			);
			outputPaths = (
				"$(DERIVED_FILE_DIR)/Pods-MapAppUITests-checkManifestLockResult.txt",
			);
			runOnlyForDeploymentPostprocessing = 0;
			shellPath = /bin/sh;
			shellScript = "diff \"${PODS_PODFILE_DIR_PATH}/Podfile.lock\" \"${PODS_ROOT}/Manifest.lock\" > /dev/null\nif [ $? != 0 ] ; then\n    # print error to STDERR\n    echo \"error: The sandbox is not in sync with the Podfile.lock. Run 'pod install' or update your CocoaPods installation.\" >&2\n    exit 1\nfi\n# This output is used by Xcode 'outputs' to avoid re-running this script phase.\necho \"SUCCESS\" > \"${SCRIPT_OUTPUT_FILE_0}\"\n";
			showEnvVarsInLog = 0;
		};
		D9A6873427ED5CC73209B42E /* [CP] Embed Pods Frameworks */ = {
			isa = PBXShellScriptBuildPhase;
			buildActionMask = 2147483647;
			files = (
			);
			inputFileListPaths = (
				"${PODS_ROOT}/Target Support Files/Pods-MapApp/Pods-MapApp-frameworks-${CONFIGURATION}-input-files.xcfilelist",
			);
			name = "[CP] Embed Pods Frameworks";
			outputFileListPaths = (
				"${PODS_ROOT}/Target Support Files/Pods-MapApp/Pods-MapApp-frameworks-${CONFIGURATION}-output-files.xcfilelist",
			);
			runOnlyForDeploymentPostprocessing = 0;
			shellPath = /bin/sh;
			shellScript = "\"${PODS_ROOT}/Target Support Files/Pods-MapApp/Pods-MapApp-frameworks.sh\"\n";
			showEnvVarsInLog = 0;
		};
		EF056BFA24FC302000B23182 /* SwiftLint Script */ = {
			isa = PBXShellScriptBuildPhase;
			buildActionMask = 2147483647;
			files = (
			);
			inputFileListPaths = (
			);
			inputPaths = (
			);
			name = "SwiftLint Script";
			outputFileListPaths = (
			);
			outputPaths = (
			);
			runOnlyForDeploymentPostprocessing = 0;
			shellPath = /bin/sh;
			shellScript = "#if which swiftlint >/dev/null; then\n#  swiftlint\n#else\n#  echo \"warning: SwiftLint not installed, download from https://github.com/realm/SwiftLint\"\n#fi\n";
		};
/* End PBXShellScriptBuildPhase section */

/* Begin PBXSourcesBuildPhase section */
		EF32D46624FBB1B200B65664 /* Sources */ = {
			isa = PBXSourcesBuildPhase;
			buildActionMask = 2147483647;
			files = (
				EF940CDD24FE77CF007BB2CA /* showAlert.swift in Sources */,
				EFC3E01E2507F29D00D85FED /* RegisterViewModel.swift in Sources */,
				EF32D46E24FBB1B200B65664 /* AppDelegate.swift in Sources */,
				EF15E6C42507857C003B974E /* authAPI.swift in Sources */,
				EF32D47024FBB1B200B65664 /* SceneDelegate.swift in Sources */,
				EFC3E0142507E2EC00D85FED /* MapModel.swift in Sources */,
				9888C0DF2F666CE9AAE3DE1F /* InitialViewInput.swift in Sources */,
				EF15E6BC250648BE003B974E /* BaseCoordinator.swift in Sources */,
				8F245C0002FDAEFFCD2B1F73 /* InitialViewOutput.swift in Sources */,
				EF15E6BE25064D9A003B974E /* AuthCoordinator.swift in Sources */,
				35C6F053BCEA265C80321CB9 /* InitialViewController.swift in Sources */,
				8489FC41803FE4A3EDEF7E99 /* InitialModuleInput.swift in Sources */,
				A7A8A31AF040623B4F1FF9AE /* InitialPresenter.swift in Sources */,
				EF15E6AF250571E6003B974E /* AuthViewModel.swift in Sources */,
				3E647645C3033A983646C462 /* InitialInteractorInput.swift in Sources */,
				EF15E6BA250642BB003B974E /* AppCoordinator.swift in Sources */,
				B8691E37CA163272A69D406C /* InitialInteractorOutput.swift in Sources */,
				EF15E6AC25057176003B974E /* AuthModel.swift in Sources */,
				EF940CDB24FE6F57007BB2CA /* LocationServise.swift in Sources */,
				EFC3E0102507E1C100D85FED /* MapViewContoller.swift in Sources */,
				EF00A5AD250A576F00B46913 /* CompassUIButton.swift in Sources */,
				B1A76B20314B03BD5CA67033 /* InitialInteractor.swift in Sources */,
				86D136C839F8687AEDEA104A /* InitialRouterInput.swift in Sources */,
				FB77CD1C813CFFA48E513502 /* InitialRouter.swift in Sources */,
				EFFC3F20250D4F6F00E37710 /* User.swift in Sources */,
				EFC3E0082507E08C00D85FED /* MapCoordinator.swift in Sources */,
				EF15E6B625057483003B974E /* AuthViewController.swift in Sources */,
				9EFABCB48B1C99975EAFCA5E /* InitialConfigurator.swift in Sources */,
				E0D481DB752AE4DF52E7DBDB /* InitialInitializer.swift in Sources */,
				EFC3E0052507CA8400D85FED /* Constants.swift in Sources */,
				EFC3E0122507E2E000D85FED /* MapViewModel.swift in Sources */,
				EFC3E0222507F2BB00D85FED /* RegisterCoordinator.swift in Sources */,
				EFC3E01C2507F28100D85FED /* RegisterViewController.swift in Sources */,
				EFC3E0202507F2AD00D85FED /* RegisterModel.swift in Sources */,
			);
			runOnlyForDeploymentPostprocessing = 0;
		};
		EF32D47C24FBB1B300B65664 /* Sources */ = {
			isa = PBXSourcesBuildPhase;
			buildActionMask = 2147483647;
			files = (
				EF32D48524FBB1B300B65664 /* MapAppTests.swift in Sources */,
				19C9771734052FDDE6844402 /* InitialConfiguratorTests.swift in Sources */,
				48EACBFEC0EE121CE75C62A3 /* InitialViewTests.swift in Sources */,
				6F8414B79EF671D083CF9FCC /* InitialInteractorTests.swift in Sources */,
				313EE4380C06302D1AF34CF1 /* InitialPresenterTests.swift in Sources */,
				82F876435CBF6F3645C34A7C /* InitialRouterTests.swift in Sources */,
			);
			runOnlyForDeploymentPostprocessing = 0;
		};
		EF32D48724FBB1B300B65664 /* Sources */ = {
			isa = PBXSourcesBuildPhase;
			buildActionMask = 2147483647;
			files = (
				EF32D49024FBB1B300B65664 /* MapAppUITests.swift in Sources */,
			);
			runOnlyForDeploymentPostprocessing = 0;
		};
/* End PBXSourcesBuildPhase section */

/* Begin PBXTargetDependency section */
		EF32D48224FBB1B300B65664 /* PBXTargetDependency */ = {
			isa = PBXTargetDependency;
			target = EF32D46924FBB1B200B65664 /* MapApp */;
			targetProxy = EF32D48124FBB1B300B65664 /* PBXContainerItemProxy */;
		};
		EF32D48D24FBB1B300B65664 /* PBXTargetDependency */ = {
			isa = PBXTargetDependency;
			target = EF32D46924FBB1B200B65664 /* MapApp */;
			targetProxy = EF32D48C24FBB1B300B65664 /* PBXContainerItemProxy */;
		};
/* End PBXTargetDependency section */

/* Begin XCBuildConfiguration section */
		EF32D49224FBB1B300B65664 /* Debug */ = {
			isa = XCBuildConfiguration;
			buildSettings = {
				ALWAYS_SEARCH_USER_PATHS = NO;
				CLANG_ANALYZER_NONNULL = YES;
				CLANG_ANALYZER_NUMBER_OBJECT_CONVERSION = YES_AGGRESSIVE;
				CLANG_CXX_LANGUAGE_STANDARD = "gnu++14";
				CLANG_CXX_LIBRARY = "libc++";
				CLANG_ENABLE_MODULES = YES;
				CLANG_ENABLE_OBJC_ARC = YES;
				CLANG_ENABLE_OBJC_WEAK = YES;
				CLANG_WARN_BLOCK_CAPTURE_AUTORELEASING = YES;
				CLANG_WARN_BOOL_CONVERSION = YES;
				CLANG_WARN_COMMA = YES;
				CLANG_WARN_CONSTANT_CONVERSION = YES;
				CLANG_WARN_DEPRECATED_OBJC_IMPLEMENTATIONS = YES;
				CLANG_WARN_DIRECT_OBJC_ISA_USAGE = YES_ERROR;
				CLANG_WARN_DOCUMENTATION_COMMENTS = YES;
				CLANG_WARN_EMPTY_BODY = YES;
				CLANG_WARN_ENUM_CONVERSION = YES;
				CLANG_WARN_INFINITE_RECURSION = YES;
				CLANG_WARN_INT_CONVERSION = YES;
				CLANG_WARN_NON_LITERAL_NULL_CONVERSION = YES;
				CLANG_WARN_OBJC_IMPLICIT_RETAIN_SELF = YES;
				CLANG_WARN_OBJC_LITERAL_CONVERSION = YES;
				CLANG_WARN_OBJC_ROOT_CLASS = YES_ERROR;
				CLANG_WARN_RANGE_LOOP_ANALYSIS = YES;
				CLANG_WARN_STRICT_PROTOTYPES = YES;
				CLANG_WARN_SUSPICIOUS_MOVE = YES;
				CLANG_WARN_UNGUARDED_AVAILABILITY = YES_AGGRESSIVE;
				CLANG_WARN_UNREACHABLE_CODE = YES;
				CLANG_WARN__DUPLICATE_METHOD_MATCH = YES;
				COPY_PHASE_STRIP = NO;
				DEBUG_INFORMATION_FORMAT = dwarf;
				ENABLE_STRICT_OBJC_MSGSEND = YES;
				ENABLE_TESTABILITY = YES;
				GCC_C_LANGUAGE_STANDARD = gnu11;
				GCC_DYNAMIC_NO_PIC = NO;
				GCC_NO_COMMON_BLOCKS = YES;
				GCC_OPTIMIZATION_LEVEL = 0;
				GCC_PREPROCESSOR_DEFINITIONS = (
					"DEBUG=1",
					"$(inherited)",
				);
				GCC_WARN_64_TO_32_BIT_CONVERSION = YES;
				GCC_WARN_ABOUT_RETURN_TYPE = YES_ERROR;
				GCC_WARN_UNDECLARED_SELECTOR = YES;
				GCC_WARN_UNINITIALIZED_AUTOS = YES_AGGRESSIVE;
				GCC_WARN_UNUSED_FUNCTION = YES;
				GCC_WARN_UNUSED_VARIABLE = YES;
				IPHONEOS_DEPLOYMENT_TARGET = 13.6;
				MTL_ENABLE_DEBUG_INFO = INCLUDE_SOURCE;
				MTL_FAST_MATH = YES;
				ONLY_ACTIVE_ARCH = YES;
				SDKROOT = iphoneos;
				SWIFT_ACTIVE_COMPILATION_CONDITIONS = DEBUG;
				SWIFT_OPTIMIZATION_LEVEL = "-Onone";
			};
			name = Debug;
		};
		EF32D49324FBB1B300B65664 /* Release */ = {
			isa = XCBuildConfiguration;
			buildSettings = {
				ALWAYS_SEARCH_USER_PATHS = NO;
				CLANG_ANALYZER_NONNULL = YES;
				CLANG_ANALYZER_NUMBER_OBJECT_CONVERSION = YES_AGGRESSIVE;
				CLANG_CXX_LANGUAGE_STANDARD = "gnu++14";
				CLANG_CXX_LIBRARY = "libc++";
				CLANG_ENABLE_MODULES = YES;
				CLANG_ENABLE_OBJC_ARC = YES;
				CLANG_ENABLE_OBJC_WEAK = YES;
				CLANG_WARN_BLOCK_CAPTURE_AUTORELEASING = YES;
				CLANG_WARN_BOOL_CONVERSION = YES;
				CLANG_WARN_COMMA = YES;
				CLANG_WARN_CONSTANT_CONVERSION = YES;
				CLANG_WARN_DEPRECATED_OBJC_IMPLEMENTATIONS = YES;
				CLANG_WARN_DIRECT_OBJC_ISA_USAGE = YES_ERROR;
				CLANG_WARN_DOCUMENTATION_COMMENTS = YES;
				CLANG_WARN_EMPTY_BODY = YES;
				CLANG_WARN_ENUM_CONVERSION = YES;
				CLANG_WARN_INFINITE_RECURSION = YES;
				CLANG_WARN_INT_CONVERSION = YES;
				CLANG_WARN_NON_LITERAL_NULL_CONVERSION = YES;
				CLANG_WARN_OBJC_IMPLICIT_RETAIN_SELF = YES;
				CLANG_WARN_OBJC_LITERAL_CONVERSION = YES;
				CLANG_WARN_OBJC_ROOT_CLASS = YES_ERROR;
				CLANG_WARN_RANGE_LOOP_ANALYSIS = YES;
				CLANG_WARN_STRICT_PROTOTYPES = YES;
				CLANG_WARN_SUSPICIOUS_MOVE = YES;
				CLANG_WARN_UNGUARDED_AVAILABILITY = YES_AGGRESSIVE;
				CLANG_WARN_UNREACHABLE_CODE = YES;
				CLANG_WARN__DUPLICATE_METHOD_MATCH = YES;
				COPY_PHASE_STRIP = NO;
				DEBUG_INFORMATION_FORMAT = "dwarf-with-dsym";
				ENABLE_NS_ASSERTIONS = NO;
				ENABLE_STRICT_OBJC_MSGSEND = YES;
				GCC_C_LANGUAGE_STANDARD = gnu11;
				GCC_NO_COMMON_BLOCKS = YES;
				GCC_WARN_64_TO_32_BIT_CONVERSION = YES;
				GCC_WARN_ABOUT_RETURN_TYPE = YES_ERROR;
				GCC_WARN_UNDECLARED_SELECTOR = YES;
				GCC_WARN_UNINITIALIZED_AUTOS = YES_AGGRESSIVE;
				GCC_WARN_UNUSED_FUNCTION = YES;
				GCC_WARN_UNUSED_VARIABLE = YES;
				IPHONEOS_DEPLOYMENT_TARGET = 13.6;
				MTL_ENABLE_DEBUG_INFO = NO;
				MTL_FAST_MATH = YES;
				SDKROOT = iphoneos;
				SWIFT_COMPILATION_MODE = wholemodule;
				SWIFT_OPTIMIZATION_LEVEL = "-O";
				VALIDATE_PRODUCT = YES;
			};
			name = Release;
		};
		EF32D49524FBB1B300B65664 /* Debug */ = {
			isa = XCBuildConfiguration;
			baseConfigurationReference = 75489387BA42A2C99F4AA396 /* Pods-MapApp.debug.xcconfig */;
			buildSettings = {
				ASSETCATALOG_COMPILER_APPICON_NAME = AppIcon;
				CODE_SIGN_STYLE = Automatic;
				DEVELOPMENT_TEAM = 9396A9KSNU;
				INFOPLIST_FILE = MapApp/Environments/Assets/Info.plist;
				LD_RUNPATH_SEARCH_PATHS = (
					"$(inherited)",
					"@executable_path/Frameworks",
				);
				PRODUCT_BUNDLE_IDENTIFIER = mySelf.MapApp;
				PRODUCT_NAME = "$(TARGET_NAME)";
				SWIFT_VERSION = 5.0;
				TARGETED_DEVICE_FAMILY = "1,2";
			};
			name = Debug;
		};
		EF32D49624FBB1B300B65664 /* Release */ = {
			isa = XCBuildConfiguration;
			baseConfigurationReference = 60DCB1DF6A77712201DE997E /* Pods-MapApp.release.xcconfig */;
			buildSettings = {
				ASSETCATALOG_COMPILER_APPICON_NAME = AppIcon;
				CODE_SIGN_STYLE = Automatic;
				DEVELOPMENT_TEAM = 9396A9KSNU;
				INFOPLIST_FILE = MapApp/Environments/Assets/Info.plist;
				LD_RUNPATH_SEARCH_PATHS = (
					"$(inherited)",
					"@executable_path/Frameworks",
				);
				PRODUCT_BUNDLE_IDENTIFIER = mySelf.MapApp;
				PRODUCT_NAME = "$(TARGET_NAME)";
				SWIFT_VERSION = 5.0;
				TARGETED_DEVICE_FAMILY = "1,2";
			};
			name = Release;
		};
		EF32D49824FBB1B300B65664 /* Debug */ = {
			isa = XCBuildConfiguration;
			baseConfigurationReference = F72D31CC7B682D0148A3E3D9 /* Pods-MapAppTests.debug.xcconfig */;
			buildSettings = {
				ALWAYS_EMBED_SWIFT_STANDARD_LIBRARIES = YES;
				BUNDLE_LOADER = "$(TEST_HOST)";
				CODE_SIGN_STYLE = Automatic;
				DEVELOPMENT_TEAM = 9396A9KSNU;
				INFOPLIST_FILE = MapAppTests/Info.plist;
				IPHONEOS_DEPLOYMENT_TARGET = 13.6;
				LD_RUNPATH_SEARCH_PATHS = (
					"$(inherited)",
					"@executable_path/Frameworks",
					"@loader_path/Frameworks",
				);
				PRODUCT_BUNDLE_IDENTIFIER = mySelf.MapAppTests;
				PRODUCT_NAME = "$(TARGET_NAME)";
				SWIFT_VERSION = 5.0;
				TARGETED_DEVICE_FAMILY = "1,2";
				TEST_HOST = "$(BUILT_PRODUCTS_DIR)/MapApp.app/MapApp";
			};
			name = Debug;
		};
		EF32D49924FBB1B300B65664 /* Release */ = {
			isa = XCBuildConfiguration;
			baseConfigurationReference = 43EC0B319CE87D369EEE7D89 /* Pods-MapAppTests.release.xcconfig */;
			buildSettings = {
				ALWAYS_EMBED_SWIFT_STANDARD_LIBRARIES = YES;
				BUNDLE_LOADER = "$(TEST_HOST)";
				CODE_SIGN_STYLE = Automatic;
				DEVELOPMENT_TEAM = 9396A9KSNU;
				INFOPLIST_FILE = MapAppTests/Info.plist;
				IPHONEOS_DEPLOYMENT_TARGET = 13.6;
				LD_RUNPATH_SEARCH_PATHS = (
					"$(inherited)",
					"@executable_path/Frameworks",
					"@loader_path/Frameworks",
				);
				PRODUCT_BUNDLE_IDENTIFIER = mySelf.MapAppTests;
				PRODUCT_NAME = "$(TARGET_NAME)";
				SWIFT_VERSION = 5.0;
				TARGETED_DEVICE_FAMILY = "1,2";
				TEST_HOST = "$(BUILT_PRODUCTS_DIR)/MapApp.app/MapApp";
			};
			name = Release;
		};
		EF32D49B24FBB1B300B65664 /* Debug */ = {
			isa = XCBuildConfiguration;
			baseConfigurationReference = 3B71B80D4CC3786B72865DAF /* Pods-MapAppUITests.debug.xcconfig */;
			buildSettings = {
				ALWAYS_EMBED_SWIFT_STANDARD_LIBRARIES = YES;
				CODE_SIGN_STYLE = Automatic;
				DEVELOPMENT_TEAM = 9396A9KSNU;
				INFOPLIST_FILE = MapAppUITests/Info.plist;
				LD_RUNPATH_SEARCH_PATHS = (
					"$(inherited)",
					"@executable_path/Frameworks",
					"@loader_path/Frameworks",
				);
				PRODUCT_BUNDLE_IDENTIFIER = mySelf.MapAppUITests;
				PRODUCT_NAME = "$(TARGET_NAME)";
				SWIFT_VERSION = 5.0;
				TARGETED_DEVICE_FAMILY = "1,2";
				TEST_TARGET_NAME = MapApp;
			};
			name = Debug;
		};
		EF32D49C24FBB1B300B65664 /* Release */ = {
			isa = XCBuildConfiguration;
			baseConfigurationReference = 52DF537682F79A8C679A1C08 /* Pods-MapAppUITests.release.xcconfig */;
			buildSettings = {
				ALWAYS_EMBED_SWIFT_STANDARD_LIBRARIES = YES;
				CODE_SIGN_STYLE = Automatic;
				DEVELOPMENT_TEAM = 9396A9KSNU;
				INFOPLIST_FILE = MapAppUITests/Info.plist;
				LD_RUNPATH_SEARCH_PATHS = (
					"$(inherited)",
					"@executable_path/Frameworks",
					"@loader_path/Frameworks",
				);
				PRODUCT_BUNDLE_IDENTIFIER = mySelf.MapAppUITests;
				PRODUCT_NAME = "$(TARGET_NAME)";
				SWIFT_VERSION = 5.0;
				TARGETED_DEVICE_FAMILY = "1,2";
				TEST_TARGET_NAME = MapApp;
			};
			name = Release;
		};
/* End XCBuildConfiguration section */

/* Begin XCConfigurationList section */
		EF32D46524FBB1B200B65664 /* Build configuration list for PBXProject "MapApp" */ = {
			isa = XCConfigurationList;
			buildConfigurations = (
				EF32D49224FBB1B300B65664 /* Debug */,
				EF32D49324FBB1B300B65664 /* Release */,
			);
			defaultConfigurationIsVisible = 0;
			defaultConfigurationName = Release;
		};
		EF32D49424FBB1B300B65664 /* Build configuration list for PBXNativeTarget "MapApp" */ = {
			isa = XCConfigurationList;
			buildConfigurations = (
				EF32D49524FBB1B300B65664 /* Debug */,
				EF32D49624FBB1B300B65664 /* Release */,
			);
			defaultConfigurationIsVisible = 0;
			defaultConfigurationName = Release;
		};
		EF32D49724FBB1B300B65664 /* Build configuration list for PBXNativeTarget "MapAppTests" */ = {
			isa = XCConfigurationList;
			buildConfigurations = (
				EF32D49824FBB1B300B65664 /* Debug */,
				EF32D49924FBB1B300B65664 /* Release */,
			);
			defaultConfigurationIsVisible = 0;
			defaultConfigurationName = Release;
		};
		EF32D49A24FBB1B300B65664 /* Build configuration list for PBXNativeTarget "MapAppUITests" */ = {
			isa = XCConfigurationList;
			buildConfigurations = (
				EF32D49B24FBB1B300B65664 /* Debug */,
				EF32D49C24FBB1B300B65664 /* Release */,
			);
			defaultConfigurationIsVisible = 0;
			defaultConfigurationName = Release;
		};
/* End XCConfigurationList section */
	};
	rootObject = EF32D46224FBB1B200B65664 /* Project object */;
}
