// !$*UTF8*$!
{
	archiveVersion = 1;
	classes = {
	};
	objectVersion = 50;
	objects = {

/* Begin PBXBuildFile section */
		2EAF43D56D5522E1B13C4D51 /* Pods_MapApp.framework in Frameworks */ = {isa = PBXBuildFile; fileRef = F88DC2151C63CD91EF146E73 /* Pods_MapApp.framework */; };
		ABDD45448981DD668688644E /* Pods_MapApp_MapAppUITests.framework in Frameworks */ = {isa = PBXBuildFile; fileRef = 58FBB5F2682F75D378DBA6DF /* Pods_MapApp_MapAppUITests.framework */; };
		CA559EF192F1EA1989ADDFF1 /* Pods_MapAppTests.framework in Frameworks */ = {isa = PBXBuildFile; fileRef = 002E5DFA73886FDB05355493 /* Pods_MapAppTests.framework */; };
		EF32D46E24FBB1B200B65664 /* AppDelegate.swift in Sources */ = {isa = PBXBuildFile; fileRef = EF32D46D24FBB1B200B65664 /* AppDelegate.swift */; };
		EF32D47024FBB1B200B65664 /* SceneDelegate.swift in Sources */ = {isa = PBXBuildFile; fileRef = EF32D46F24FBB1B200B65664 /* SceneDelegate.swift */; };
		EF32D47224FBB1B200B65664 /* ViewController.swift in Sources */ = {isa = PBXBuildFile; fileRef = EF32D47124FBB1B200B65664 /* ViewController.swift */; };
		EF32D47524FBB1B200B65664 /* Main.storyboard in Resources */ = {isa = PBXBuildFile; fileRef = EF32D47324FBB1B200B65664 /* Main.storyboard */; };
		EF32D47724FBB1B300B65664 /* Assets.xcassets in Resources */ = {isa = PBXBuildFile; fileRef = EF32D47624FBB1B300B65664 /* Assets.xcassets */; };
		EF32D47A24FBB1B300B65664 /* LaunchScreen.storyboard in Resources */ = {isa = PBXBuildFile; fileRef = EF32D47824FBB1B300B65664 /* LaunchScreen.storyboard */; };
		EF32D48524FBB1B300B65664 /* MapAppTests.swift in Sources */ = {isa = PBXBuildFile; fileRef = EF32D48424FBB1B300B65664 /* MapAppTests.swift */; };
		EF32D49024FBB1B300B65664 /* MapAppUITests.swift in Sources */ = {isa = PBXBuildFile; fileRef = EF32D48F24FBB1B300B65664 /* MapAppUITests.swift */; };
/* End PBXBuildFile section */

/* Begin PBXContainerItemProxy section */
		EF32D48124FBB1B300B65664 /* PBXContainerItemProxy */ = {
			isa = PBXContainerItemProxy;
			containerPortal = EF32D46224FBB1B200B65664 /* Project object */;
			proxyType = 1;
			remoteGlobalIDString = EF32D46924FBB1B200B65664;
			remoteInfo = MapApp;
		};
		EF32D48C24FBB1B300B65664 /* PBXContainerItemProxy */ = {
			isa = PBXContainerItemProxy;
			containerPortal = EF32D46224FBB1B200B65664 /* Project object */;
			proxyType = 1;
			remoteGlobalIDString = EF32D46924FBB1B200B65664;
			remoteInfo = MapApp;
		};
/* End PBXContainerItemProxy section */

/* Begin PBXFileReference section */
		002E5DFA73886FDB05355493 /* Pods_MapAppTests.framework */ = {isa = PBXFileReference; explicitFileType = wrapper.framework; includeInIndex = 0; path = Pods_MapAppTests.framework; sourceTree = BUILT_PRODUCTS_DIR; };
		08D4B1A02D57B6D3CA5E468A /* Pods-MapApp-MapAppUITests.debug.xcconfig */ = {isa = PBXFileReference; includeInIndex = 1; lastKnownFileType = text.xcconfig; name = "Pods-MapApp-MapAppUITests.debug.xcconfig"; path = "Target Support Files/Pods-MapApp-MapAppUITests/Pods-MapApp-MapAppUITests.debug.xcconfig"; sourceTree = "<group>"; };
		58FBB5F2682F75D378DBA6DF /* Pods_MapApp_MapAppUITests.framework */ = {isa = PBXFileReference; explicitFileType = wrapper.framework; includeInIndex = 0; path = Pods_MapApp_MapAppUITests.framework; sourceTree = BUILT_PRODUCTS_DIR; };
		B1959A7636F2B261C172AAAD /* Pods-MapApp.debug.xcconfig */ = {isa = PBXFileReference; includeInIndex = 1; lastKnownFileType = text.xcconfig; name = "Pods-MapApp.debug.xcconfig"; path = "Target Support Files/Pods-MapApp/Pods-MapApp.debug.xcconfig"; sourceTree = "<group>"; };
		B880D498BA35CCDF66503E7D /* Pods-MapApp-MapAppUITests.release.xcconfig */ = {isa = PBXFileReference; includeInIndex = 1; lastKnownFileType = text.xcconfig; name = "Pods-MapApp-MapAppUITests.release.xcconfig"; path = "Target Support Files/Pods-MapApp-MapAppUITests/Pods-MapApp-MapAppUITests.release.xcconfig"; sourceTree = "<group>"; };
		BF10037791DF3853796142F7 /* Pods-MapAppTests.release.xcconfig */ = {isa = PBXFileReference; includeInIndex = 1; lastKnownFileType = text.xcconfig; name = "Pods-MapAppTests.release.xcconfig"; path = "Target Support Files/Pods-MapAppTests/Pods-MapAppTests.release.xcconfig"; sourceTree = "<group>"; };
		C5F0DCA1465CBA5ACA542E20 /* Pods-MapApp.release.xcconfig */ = {isa = PBXFileReference; includeInIndex = 1; lastKnownFileType = text.xcconfig; name = "Pods-MapApp.release.xcconfig"; path = "Target Support Files/Pods-MapApp/Pods-MapApp.release.xcconfig"; sourceTree = "<group>"; };
		EF32D46A24FBB1B200B65664 /* MapApp.app */ = {isa = PBXFileReference; explicitFileType = wrapper.application; includeInIndex = 0; path = MapApp.app; sourceTree = BUILT_PRODUCTS_DIR; };
		EF32D46D24FBB1B200B65664 /* AppDelegate.swift */ = {isa = PBXFileReference; lastKnownFileType = sourcecode.swift; path = AppDelegate.swift; sourceTree = "<group>"; };
		EF32D46F24FBB1B200B65664 /* SceneDelegate.swift */ = {isa = PBXFileReference; lastKnownFileType = sourcecode.swift; path = SceneDelegate.swift; sourceTree = "<group>"; };
		EF32D47124FBB1B200B65664 /* ViewController.swift */ = {isa = PBXFileReference; lastKnownFileType = sourcecode.swift; path = ViewController.swift; sourceTree = "<group>"; };
		EF32D47424FBB1B200B65664 /* Base */ = {isa = PBXFileReference; lastKnownFileType = file.storyboard; name = Base; path = Base.lproj/Main.storyboard; sourceTree = "<group>"; };
		EF32D47624FBB1B300B65664 /* Assets.xcassets */ = {isa = PBXFileReference; lastKnownFileType = folder.assetcatalog; path = Assets.xcassets; sourceTree = "<group>"; };
		EF32D47924FBB1B300B65664 /* Base */ = {isa = PBXFileReference; lastKnownFileType = file.storyboard; name = Base; path = Base.lproj/LaunchScreen.storyboard; sourceTree = "<group>"; };
		EF32D47B24FBB1B300B65664 /* Info.plist */ = {isa = PBXFileReference; lastKnownFileType = text.plist.xml; path = Info.plist; sourceTree = "<group>"; };
		EF32D48024FBB1B300B65664 /* MapAppTests.xctest */ = {isa = PBXFileReference; explicitFileType = wrapper.cfbundle; includeInIndex = 0; path = MapAppTests.xctest; sourceTree = BUILT_PRODUCTS_DIR; };
		EF32D48424FBB1B300B65664 /* MapAppTests.swift */ = {isa = PBXFileReference; lastKnownFileType = sourcecode.swift; path = MapAppTests.swift; sourceTree = "<group>"; };
		EF32D48624FBB1B300B65664 /* Info.plist */ = {isa = PBXFileReference; lastKnownFileType = text.plist.xml; path = Info.plist; sourceTree = "<group>"; };
		EF32D48B24FBB1B300B65664 /* MapAppUITests.xctest */ = {isa = PBXFileReference; explicitFileType = wrapper.cfbundle; includeInIndex = 0; path = MapAppUITests.xctest; sourceTree = BUILT_PRODUCTS_DIR; };
		EF32D48F24FBB1B300B65664 /* MapAppUITests.swift */ = {isa = PBXFileReference; lastKnownFileType = sourcecode.swift; path = MapAppUITests.swift; sourceTree = "<group>"; };
		EF32D49124FBB1B300B65664 /* Info.plist */ = {isa = PBXFileReference; lastKnownFileType = text.plist.xml; path = Info.plist; sourceTree = "<group>"; };
		F88DC2151C63CD91EF146E73 /* Pods_MapApp.framework */ = {isa = PBXFileReference; explicitFileType = wrapper.framework; includeInIndex = 0; path = Pods_MapApp.framework; sourceTree = BUILT_PRODUCTS_DIR; };
		F9DDB7915814ABE3E72C687E /* Pods-MapAppTests.debug.xcconfig */ = {isa = PBXFileReference; includeInIndex = 1; lastKnownFileType = text.xcconfig; name = "Pods-MapAppTests.debug.xcconfig"; path = "Target Support Files/Pods-MapAppTests/Pods-MapAppTests.debug.xcconfig"; sourceTree = "<group>"; };
/* End PBXFileReference section */

/* Begin PBXFrameworksBuildPhase section */
		EF32D46724FBB1B200B65664 /* Frameworks */ = {
			isa = PBXFrameworksBuildPhase;
			buildActionMask = 2147483647;
			files = (
				2EAF43D56D5522E1B13C4D51 /* Pods_MapApp.framework in Frameworks */,
			);
			runOnlyForDeploymentPostprocessing = 0;
		};
		EF32D47D24FBB1B300B65664 /* Frameworks */ = {
			isa = PBXFrameworksBuildPhase;
			buildActionMask = 2147483647;
			files = (
				CA559EF192F1EA1989ADDFF1 /* Pods_MapAppTests.framework in Frameworks */,
			);
			runOnlyForDeploymentPostprocessing = 0;
		};
		EF32D48824FBB1B300B65664 /* Frameworks */ = {
			isa = PBXFrameworksBuildPhase;
			buildActionMask = 2147483647;
			files = (
				ABDD45448981DD668688644E /* Pods_MapApp_MapAppUITests.framework in Frameworks */,
			);
			runOnlyForDeploymentPostprocessing = 0;
		};
/* End PBXFrameworksBuildPhase section */

/* Begin PBXGroup section */
		054F8AAFFEF6D09CA0ACCC1D /* Frameworks */ = {
			isa = PBXGroup;
			children = (
				F88DC2151C63CD91EF146E73 /* Pods_MapApp.framework */,
				58FBB5F2682F75D378DBA6DF /* Pods_MapApp_MapAppUITests.framework */,
				002E5DFA73886FDB05355493 /* Pods_MapAppTests.framework */,
			);
			name = Frameworks;
			sourceTree = "<group>";
		};
		1BD6C49BFBE9A634269A6C4C /* Pods */ = {
			isa = PBXGroup;
			children = (
				B1959A7636F2B261C172AAAD /* Pods-MapApp.debug.xcconfig */,
				C5F0DCA1465CBA5ACA542E20 /* Pods-MapApp.release.xcconfig */,
				08D4B1A02D57B6D3CA5E468A /* Pods-MapApp-MapAppUITests.debug.xcconfig */,
				B880D498BA35CCDF66503E7D /* Pods-MapApp-MapAppUITests.release.xcconfig */,
				F9DDB7915814ABE3E72C687E /* Pods-MapAppTests.debug.xcconfig */,
				BF10037791DF3853796142F7 /* Pods-MapAppTests.release.xcconfig */,
			);
			name = Pods;
			path = Pods;
			sourceTree = "<group>";
		};
		EF32D46124FBB1B200B65664 = {
			isa = PBXGroup;
			children = (
				EF32D46C24FBB1B200B65664 /* MapApp */,
				EF32D48324FBB1B300B65664 /* MapAppTests */,
				EF32D48E24FBB1B300B65664 /* MapAppUITests */,
				EF32D46B24FBB1B200B65664 /* Products */,
				1BD6C49BFBE9A634269A6C4C /* Pods */,
				054F8AAFFEF6D09CA0ACCC1D /* Frameworks */,
			);
			sourceTree = "<group>";
		};
		EF32D46B24FBB1B200B65664 /* Products */ = {
			isa = PBXGroup;
			children = (
				EF32D46A24FBB1B200B65664 /* MapApp.app */,
				EF32D48024FBB1B300B65664 /* MapAppTests.xctest */,
				EF32D48B24FBB1B300B65664 /* MapAppUITests.xctest */,
			);
			name = Products;
			sourceTree = "<group>";
		};
		EF32D46C24FBB1B200B65664 /* MapApp */ = {
			isa = PBXGroup;
			children = (
				EF32D46D24FBB1B200B65664 /* AppDelegate.swift */,
				EF32D46F24FBB1B200B65664 /* SceneDelegate.swift */,
				EF32D47124FBB1B200B65664 /* ViewController.swift */,
				EF32D47324FBB1B200B65664 /* Main.storyboard */,
				EF32D47624FBB1B300B65664 /* Assets.xcassets */,
				EF32D47824FBB1B300B65664 /* LaunchScreen.storyboard */,
				EF32D47B24FBB1B300B65664 /* Info.plist */,
			);
			path = MapApp;
			sourceTree = "<group>";
		};
		EF32D48324FBB1B300B65664 /* MapAppTests */ = {
			isa = PBXGroup;
			children = (
				EF32D48424FBB1B300B65664 /* MapAppTests.swift */,
				EF32D48624FBB1B300B65664 /* Info.plist */,
			);
			path = MapAppTests;
			sourceTree = "<group>";
		};
		EF32D48E24FBB1B300B65664 /* MapAppUITests */ = {
			isa = PBXGroup;
			children = (
				EF32D48F24FBB1B300B65664 /* MapAppUITests.swift */,
				EF32D49124FBB1B300B65664 /* Info.plist */,
			);
			path = MapAppUITests;
			sourceTree = "<group>";
		};
/* End PBXGroup section */

/* Begin PBXNativeTarget section */
		EF32D46924FBB1B200B65664 /* MapApp */ = {
			isa = PBXNativeTarget;
			buildConfigurationList = EF32D49424FBB1B300B65664 /* Build configuration list for PBXNativeTarget "MapApp" */;
			buildPhases = (
				9182A57042387B434EC85449 /* [CP] Check Pods Manifest.lock */,
				EF32D46624FBB1B200B65664 /* Sources */,
				EF32D46724FBB1B200B65664 /* Frameworks */,
				EF32D46824FBB1B200B65664 /* Resources */,
				563D1252C81D9E1F7A479093 /* [CP] Copy Pods Resources */,
			);
			buildRules = (
			);
			dependencies = (
			);
			name = MapApp;
			productName = MapApp;
			productReference = EF32D46A24FBB1B200B65664 /* MapApp.app */;
			productType = "com.apple.product-type.application";
		};
		EF32D47F24FBB1B300B65664 /* MapAppTests */ = {
			isa = PBXNativeTarget;
			buildConfigurationList = EF32D49724FBB1B300B65664 /* Build configuration list for PBXNativeTarget "MapAppTests" */;
			buildPhases = (
				546495DB331321E98B7C64D1 /* [CP] Check Pods Manifest.lock */,
				EF32D47C24FBB1B300B65664 /* Sources */,
				EF32D47D24FBB1B300B65664 /* Frameworks */,
				EF32D47E24FBB1B300B65664 /* Resources */,
			);
			buildRules = (
			);
			dependencies = (
				EF32D48224FBB1B300B65664 /* PBXTargetDependency */,
			);
			name = MapAppTests;
			productName = MapAppTests;
			productReference = EF32D48024FBB1B300B65664 /* MapAppTests.xctest */;
			productType = "com.apple.product-type.bundle.unit-test";
		};
		EF32D48A24FBB1B300B65664 /* MapAppUITests */ = {
			isa = PBXNativeTarget;
			buildConfigurationList = EF32D49A24FBB1B300B65664 /* Build configuration list for PBXNativeTarget "MapAppUITests" */;
			buildPhases = (
				ABE37C2FD22B3A5A3956997D /* [CP] Check Pods Manifest.lock */,
				EF32D48724FBB1B300B65664 /* Sources */,
				EF32D48824FBB1B300B65664 /* Frameworks */,
				EF32D48924FBB1B300B65664 /* Resources */,
				9D7985BC5A770DCC50005E65 /* [CP] Copy Pods Resources */,
			);
			buildRules = (
			);
			dependencies = (
				EF32D48D24FBB1B300B65664 /* PBXTargetDependency */,
			);
			name = MapAppUITests;
			productName = MapAppUITests;
			productReference = EF32D48B24FBB1B300B65664 /* MapAppUITests.xctest */;
			productType = "com.apple.product-type.bundle.ui-testing";
		};
/* End PBXNativeTarget section */

/* Begin PBXProject section */
		EF32D46224FBB1B200B65664 /* Project object */ = {
			isa = PBXProject;
			attributes = {
				LastSwiftUpdateCheck = 1160;
				LastUpgradeCheck = 1160;
				ORGANIZATIONNAME = "Кирилл Титов";
				TargetAttributes = {
					EF32D46924FBB1B200B65664 = {
						CreatedOnToolsVersion = 11.6;
					};
					EF32D47F24FBB1B300B65664 = {
						CreatedOnToolsVersion = 11.6;
						TestTargetID = EF32D46924FBB1B200B65664;
					};
					EF32D48A24FBB1B300B65664 = {
						CreatedOnToolsVersion = 11.6;
						TestTargetID = EF32D46924FBB1B200B65664;
					};
				};
			};
			buildConfigurationList = EF32D46524FBB1B200B65664 /* Build configuration list for PBXProject "MapApp" */;
			compatibilityVersion = "Xcode 9.3";
			developmentRegion = en;
			hasScannedForEncodings = 0;
			knownRegions = (
				en,
				Base,
			);
			mainGroup = EF32D46124FBB1B200B65664;
			productRefGroup = EF32D46B24FBB1B200B65664 /* Products */;
			projectDirPath = "";
			projectRoot = "";
			targets = (
				EF32D46924FBB1B200B65664 /* MapApp */,
				EF32D47F24FBB1B300B65664 /* MapAppTests */,
				EF32D48A24FBB1B300B65664 /* MapAppUITests */,
			);
		};
/* End PBXProject section */

/* Begin PBXResourcesBuildPhase section */
		EF32D46824FBB1B200B65664 /* Resources */ = {
			isa = PBXResourcesBuildPhase;
			buildActionMask = 2147483647;
			files = (
				EF32D47A24FBB1B300B65664 /* LaunchScreen.storyboard in Resources */,
				EF32D47724FBB1B300B65664 /* Assets.xcassets in Resources */,
				EF32D47524FBB1B200B65664 /* Main.storyboard in Resources */,
			);
			runOnlyForDeploymentPostprocessing = 0;
		};
		EF32D47E24FBB1B300B65664 /* Resources */ = {
			isa = PBXResourcesBuildPhase;
			buildActionMask = 2147483647;
			files = (
			);
			runOnlyForDeploymentPostprocessing = 0;
		};
		EF32D48924FBB1B300B65664 /* Resources */ = {
			isa = PBXResourcesBuildPhase;
			buildActionMask = 2147483647;
			files = (
			);
			runOnlyForDeploymentPostprocessing = 0;
		};
/* End PBXResourcesBuildPhase section */

/* Begin PBXShellScriptBuildPhase section */
		546495DB331321E98B7C64D1 /* [CP] Check Pods Manifest.lock */ = {
			isa = PBXShellScriptBuildPhase;
			buildActionMask = 2147483647;
			files = (
			);
			inputFileListPaths = (
			);
			inputPaths = (
				"${PODS_PODFILE_DIR_PATH}/Podfile.lock",
				"${PODS_ROOT}/Manifest.lock",
			);
			name = "[CP] Check Pods Manifest.lock";
			outputFileListPaths = (
			);
			outputPaths = (
				"$(DERIVED_FILE_DIR)/Pods-MapAppTests-checkManifestLockResult.txt",
			);
			runOnlyForDeploymentPostprocessing = 0;
			shellPath = /bin/sh;
			shellScript = "diff \"${PODS_PODFILE_DIR_PATH}/Podfile.lock\" \"${PODS_ROOT}/Manifest.lock\" > /dev/null\nif [ $? != 0 ] ; then\n    # print error to STDERR\n    echo \"error: The sandbox is not in sync with the Podfile.lock. Run 'pod install' or update your CocoaPods installation.\" >&2\n    exit 1\nfi\n# This output is used by Xcode 'outputs' to avoid re-running this script phase.\necho \"SUCCESS\" > \"${SCRIPT_OUTPUT_FILE_0}\"\n";
			showEnvVarsInLog = 0;
		};
		563D1252C81D9E1F7A479093 /* [CP] Copy Pods Resources */ = {
			isa = PBXShellScriptBuildPhase;
			buildActionMask = 2147483647;
			files = (
			);
			inputFileListPaths = (
				"${PODS_ROOT}/Target Support Files/Pods-MapApp/Pods-MapApp-resources-${CONFIGURATION}-input-files.xcfilelist",
			);
			name = "[CP] Copy Pods Resources";
			outputFileListPaths = (
				"${PODS_ROOT}/Target Support Files/Pods-MapApp/Pods-MapApp-resources-${CONFIGURATION}-output-files.xcfilelist",
			);
			runOnlyForDeploymentPostprocessing = 0;
			shellPath = /bin/sh;
			shellScript = "\"${PODS_ROOT}/Target Support Files/Pods-MapApp/Pods-MapApp-resources.sh\"\n";
			showEnvVarsInLog = 0;
		};
		9182A57042387B434EC85449 /* [CP] Check Pods Manifest.lock */ = {
			isa = PBXShellScriptBuildPhase;
			buildActionMask = 2147483647;
			files = (
			);
			inputFileListPaths = (
			);
			inputPaths = (
				"${PODS_PODFILE_DIR_PATH}/Podfile.lock",
				"${PODS_ROOT}/Manifest.lock",
			);
			name = "[CP] Check Pods Manifest.lock";
			outputFileListPaths = (
			);
			outputPaths = (
				"$(DERIVED_FILE_DIR)/Pods-MapApp-checkManifestLockResult.txt",
			);
			runOnlyForDeploymentPostprocessing = 0;
			shellPath = /bin/sh;
			shellScript = "diff \"${PODS_PODFILE_DIR_PATH}/Podfile.lock\" \"${PODS_ROOT}/Manifest.lock\" > /dev/null\nif [ $? != 0 ] ; then\n    # print error to STDERR\n    echo \"error: The sandbox is not in sync with the Podfile.lock. Run 'pod install' or update your CocoaPods installation.\" >&2\n    exit 1\nfi\n# This output is used by Xcode 'outputs' to avoid re-running this script phase.\necho \"SUCCESS\" > \"${SCRIPT_OUTPUT_FILE_0}\"\n";
			showEnvVarsInLog = 0;
		};
		9D7985BC5A770DCC50005E65 /* [CP] Copy Pods Resources */ = {
			isa = PBXShellScriptBuildPhase;
			buildActionMask = 2147483647;
			files = (
			);
			inputFileListPaths = (
				"${PODS_ROOT}/Target Support Files/Pods-MapApp-MapAppUITests/Pods-MapApp-MapAppUITests-resources-${CONFIGURATION}-input-files.xcfilelist",
			);
			name = "[CP] Copy Pods Resources";
			outputFileListPaths = (
				"${PODS_ROOT}/Target Support Files/Pods-MapApp-MapAppUITests/Pods-MapApp-MapAppUITests-resources-${CONFIGURATION}-output-files.xcfilelist",
			);
			runOnlyForDeploymentPostprocessing = 0;
			shellPath = /bin/sh;
			shellScript = "\"${PODS_ROOT}/Target Support Files/Pods-MapApp-MapAppUITests/Pods-MapApp-MapAppUITests-resources.sh\"\n";
			showEnvVarsInLog = 0;
		};
		ABE37C2FD22B3A5A3956997D /* [CP] Check Pods Manifest.lock */ = {
			isa = PBXShellScriptBuildPhase;
			buildActionMask = 2147483647;
			files = (
			);
			inputFileListPaths = (
			);
			inputPaths = (
				"${PODS_PODFILE_DIR_PATH}/Podfile.lock",
				"${PODS_ROOT}/Manifest.lock",
			);
			name = "[CP] Check Pods Manifest.lock";
			outputFileListPaths = (
			);
			outputPaths = (
				"$(DERIVED_FILE_DIR)/Pods-MapApp-MapAppUITests-checkManifestLockResult.txt",
			);
			runOnlyForDeploymentPostprocessing = 0;
			shellPath = /bin/sh;
			shellScript = "diff \"${PODS_PODFILE_DIR_PATH}/Podfile.lock\" \"${PODS_ROOT}/Manifest.lock\" > /dev/null\nif [ $? != 0 ] ; then\n    # print error to STDERR\n    echo \"error: The sandbox is not in sync with the Podfile.lock. Run 'pod install' or update your CocoaPods installation.\" >&2\n    exit 1\nfi\n# This output is used by Xcode 'outputs' to avoid re-running this script phase.\necho \"SUCCESS\" > \"${SCRIPT_OUTPUT_FILE_0}\"\n";
			showEnvVarsInLog = 0;
		};
/* End PBXShellScriptBuildPhase section */

/* Begin PBXSourcesBuildPhase section */
		EF32D46624FBB1B200B65664 /* Sources */ = {
			isa = PBXSourcesBuildPhase;
			buildActionMask = 2147483647;
			files = (
				EF32D47224FBB1B200B65664 /* ViewController.swift in Sources */,
				EF32D46E24FBB1B200B65664 /* AppDelegate.swift in Sources */,
				EF32D47024FBB1B200B65664 /* SceneDelegate.swift in Sources */,
			);
			runOnlyForDeploymentPostprocessing = 0;
		};
		EF32D47C24FBB1B300B65664 /* Sources */ = {
			isa = PBXSourcesBuildPhase;
			buildActionMask = 2147483647;
			files = (
				EF32D48524FBB1B300B65664 /* MapAppTests.swift in Sources */,
			);
			runOnlyForDeploymentPostprocessing = 0;
		};
		EF32D48724FBB1B300B65664 /* Sources */ = {
			isa = PBXSourcesBuildPhase;
			buildActionMask = 2147483647;
			files = (
				EF32D49024FBB1B300B65664 /* MapAppUITests.swift in Sources */,
			);
			runOnlyForDeploymentPostprocessing = 0;
		};
/* End PBXSourcesBuildPhase section */

/* Begin PBXTargetDependency section */
		EF32D48224FBB1B300B65664 /* PBXTargetDependency */ = {
			isa = PBXTargetDependency;
			target = EF32D46924FBB1B200B65664 /* MapApp */;
			targetProxy = EF32D48124FBB1B300B65664 /* PBXContainerItemProxy */;
		};
		EF32D48D24FBB1B300B65664 /* PBXTargetDependency */ = {
			isa = PBXTargetDependency;
			target = EF32D46924FBB1B200B65664 /* MapApp */;
			targetProxy = EF32D48C24FBB1B300B65664 /* PBXContainerItemProxy */;
		};
/* End PBXTargetDependency section */

/* Begin PBXVariantGroup section */
		EF32D47324FBB1B200B65664 /* Main.storyboard */ = {
			isa = PBXVariantGroup;
			children = (
				EF32D47424FBB1B200B65664 /* Base */,
			);
			name = Main.storyboard;
			sourceTree = "<group>";
		};
		EF32D47824FBB1B300B65664 /* LaunchScreen.storyboard */ = {
			isa = PBXVariantGroup;
			children = (
				EF32D47924FBB1B300B65664 /* Base */,
			);
			name = LaunchScreen.storyboard;
			sourceTree = "<group>";
		};
/* End PBXVariantGroup section */

/* Begin XCBuildConfiguration section */
		EF32D49224FBB1B300B65664 /* Debug */ = {
			isa = XCBuildConfiguration;
			buildSettings = {
				ALWAYS_SEARCH_USER_PATHS = NO;
				CLANG_ANALYZER_NONNULL = YES;
				CLANG_ANALYZER_NUMBER_OBJECT_CONVERSION = YES_AGGRESSIVE;
				CLANG_CXX_LANGUAGE_STANDARD = "gnu++14";
				CLANG_CXX_LIBRARY = "libc++";
				CLANG_ENABLE_MODULES = YES;
				CLANG_ENABLE_OBJC_ARC = YES;
				CLANG_ENABLE_OBJC_WEAK = YES;
				CLANG_WARN_BLOCK_CAPTURE_AUTORELEASING = YES;
				CLANG_WARN_BOOL_CONVERSION = YES;
				CLANG_WARN_COMMA = YES;
				CLANG_WARN_CONSTANT_CONVERSION = YES;
				CLANG_WARN_DEPRECATED_OBJC_IMPLEMENTATIONS = YES;
				CLANG_WARN_DIRECT_OBJC_ISA_USAGE = YES_ERROR;
				CLANG_WARN_DOCUMENTATION_COMMENTS = YES;
				CLANG_WARN_EMPTY_BODY = YES;
				CLANG_WARN_ENUM_CONVERSION = YES;
				CLANG_WARN_INFINITE_RECURSION = YES;
				CLANG_WARN_INT_CONVERSION = YES;
				CLANG_WARN_NON_LITERAL_NULL_CONVERSION = YES;
				CLANG_WARN_OBJC_IMPLICIT_RETAIN_SELF = YES;
				CLANG_WARN_OBJC_LITERAL_CONVERSION = YES;
				CLANG_WARN_OBJC_ROOT_CLASS = YES_ERROR;
				CLANG_WARN_RANGE_LOOP_ANALYSIS = YES;
				CLANG_WARN_STRICT_PROTOTYPES = YES;
				CLANG_WARN_SUSPICIOUS_MOVE = YES;
				CLANG_WARN_UNGUARDED_AVAILABILITY = YES_AGGRESSIVE;
				CLANG_WARN_UNREACHABLE_CODE = YES;
				CLANG_WARN__DUPLICATE_METHOD_MATCH = YES;
				COPY_PHASE_STRIP = NO;
				DEBUG_INFORMATION_FORMAT = dwarf;
				ENABLE_STRICT_OBJC_MSGSEND = YES;
				ENABLE_TESTABILITY = YES;
				GCC_C_LANGUAGE_STANDARD = gnu11;
				GCC_DYNAMIC_NO_PIC = NO;
				GCC_NO_COMMON_BLOCKS = YES;
				GCC_OPTIMIZATION_LEVEL = 0;
				GCC_PREPROCESSOR_DEFINITIONS = (
					"DEBUG=1",
					"$(inherited)",
				);
				GCC_WARN_64_TO_32_BIT_CONVERSION = YES;
				GCC_WARN_ABOUT_RETURN_TYPE = YES_ERROR;
				GCC_WARN_UNDECLARED_SELECTOR = YES;
				GCC_WARN_UNINITIALIZED_AUTOS = YES_AGGRESSIVE;
				GCC_WARN_UNUSED_FUNCTION = YES;
				GCC_WARN_UNUSED_VARIABLE = YES;
				IPHONEOS_DEPLOYMENT_TARGET = 13.6;
				MTL_ENABLE_DEBUG_INFO = INCLUDE_SOURCE;
				MTL_FAST_MATH = YES;
				ONLY_ACTIVE_ARCH = YES;
				SDKROOT = iphoneos;
				SWIFT_ACTIVE_COMPILATION_CONDITIONS = DEBUG;
				SWIFT_OPTIMIZATION_LEVEL = "-Onone";
			};
			name = Debug;
		};
		EF32D49324FBB1B300B65664 /* Release */ = {
			isa = XCBuildConfiguration;
			buildSettings = {
				ALWAYS_SEARCH_USER_PATHS = NO;
				CLANG_ANALYZER_NONNULL = YES;
				CLANG_ANALYZER_NUMBER_OBJECT_CONVERSION = YES_AGGRESSIVE;
				CLANG_CXX_LANGUAGE_STANDARD = "gnu++14";
				CLANG_CXX_LIBRARY = "libc++";
				CLANG_ENABLE_MODULES = YES;
				CLANG_ENABLE_OBJC_ARC = YES;
				CLANG_ENABLE_OBJC_WEAK = YES;
				CLANG_WARN_BLOCK_CAPTURE_AUTORELEASING = YES;
				CLANG_WARN_BOOL_CONVERSION = YES;
				CLANG_WARN_COMMA = YES;
				CLANG_WARN_CONSTANT_CONVERSION = YES;
				CLANG_WARN_DEPRECATED_OBJC_IMPLEMENTATIONS = YES;
				CLANG_WARN_DIRECT_OBJC_ISA_USAGE = YES_ERROR;
				CLANG_WARN_DOCUMENTATION_COMMENTS = YES;
				CLANG_WARN_EMPTY_BODY = YES;
				CLANG_WARN_ENUM_CONVERSION = YES;
				CLANG_WARN_INFINITE_RECURSION = YES;
				CLANG_WARN_INT_CONVERSION = YES;
				CLANG_WARN_NON_LITERAL_NULL_CONVERSION = YES;
				CLANG_WARN_OBJC_IMPLICIT_RETAIN_SELF = YES;
				CLANG_WARN_OBJC_LITERAL_CONVERSION = YES;
				CLANG_WARN_OBJC_ROOT_CLASS = YES_ERROR;
				CLANG_WARN_RANGE_LOOP_ANALYSIS = YES;
				CLANG_WARN_STRICT_PROTOTYPES = YES;
				CLANG_WARN_SUSPICIOUS_MOVE = YES;
				CLANG_WARN_UNGUARDED_AVAILABILITY = YES_AGGRESSIVE;
				CLANG_WARN_UNREACHABLE_CODE = YES;
				CLANG_WARN__DUPLICATE_METHOD_MATCH = YES;
				COPY_PHASE_STRIP = NO;
				DEBUG_INFORMATION_FORMAT = "dwarf-with-dsym";
				ENABLE_NS_ASSERTIONS = NO;
				ENABLE_STRICT_OBJC_MSGSEND = YES;
				GCC_C_LANGUAGE_STANDARD = gnu11;
				GCC_NO_COMMON_BLOCKS = YES;
				GCC_WARN_64_TO_32_BIT_CONVERSION = YES;
				GCC_WARN_ABOUT_RETURN_TYPE = YES_ERROR;
				GCC_WARN_UNDECLARED_SELECTOR = YES;
				GCC_WARN_UNINITIALIZED_AUTOS = YES_AGGRESSIVE;
				GCC_WARN_UNUSED_FUNCTION = YES;
				GCC_WARN_UNUSED_VARIABLE = YES;
				IPHONEOS_DEPLOYMENT_TARGET = 13.6;
				MTL_ENABLE_DEBUG_INFO = NO;
				MTL_FAST_MATH = YES;
				SDKROOT = iphoneos;
				SWIFT_COMPILATION_MODE = wholemodule;
				SWIFT_OPTIMIZATION_LEVEL = "-O";
				VALIDATE_PRODUCT = YES;
			};
			name = Release;
		};
		EF32D49524FBB1B300B65664 /* Debug */ = {
			isa = XCBuildConfiguration;
			baseConfigurationReference = B1959A7636F2B261C172AAAD /* Pods-MapApp.debug.xcconfig */;
			buildSettings = {
				ASSETCATALOG_COMPILER_APPICON_NAME = AppIcon;
				CODE_SIGN_STYLE = Automatic;
				DEVELOPMENT_TEAM = 9396A9KSNU;
				INFOPLIST_FILE = MapApp/Info.plist;
				LD_RUNPATH_SEARCH_PATHS = (
					"$(inherited)",
					"@executable_path/Frameworks",
				);
				PRODUCT_BUNDLE_IDENTIFIER = mySelf.MapApp;
				PRODUCT_NAME = "$(TARGET_NAME)";
				SWIFT_VERSION = 5.0;
				TARGETED_DEVICE_FAMILY = "1,2";
			};
			name = Debug;
		};
		EF32D49624FBB1B300B65664 /* Release */ = {
			isa = XCBuildConfiguration;
			baseConfigurationReference = C5F0DCA1465CBA5ACA542E20 /* Pods-MapApp.release.xcconfig */;
			buildSettings = {
				ASSETCATALOG_COMPILER_APPICON_NAME = AppIcon;
				CODE_SIGN_STYLE = Automatic;
				DEVELOPMENT_TEAM = 9396A9KSNU;
				INFOPLIST_FILE = MapApp/Info.plist;
				LD_RUNPATH_SEARCH_PATHS = (
					"$(inherited)",
					"@executable_path/Frameworks",
				);
				PRODUCT_BUNDLE_IDENTIFIER = mySelf.MapApp;
				PRODUCT_NAME = "$(TARGET_NAME)";
				SWIFT_VERSION = 5.0;
				TARGETED_DEVICE_FAMILY = "1,2";
			};
			name = Release;
		};
		EF32D49824FBB1B300B65664 /* Debug */ = {
			isa = XCBuildConfiguration;
			baseConfigurationReference = F9DDB7915814ABE3E72C687E /* Pods-MapAppTests.debug.xcconfig */;
			buildSettings = {
				ALWAYS_EMBED_SWIFT_STANDARD_LIBRARIES = YES;
				BUNDLE_LOADER = "$(TEST_HOST)";
				CODE_SIGN_STYLE = Automatic;
				DEVELOPMENT_TEAM = 9396A9KSNU;
				INFOPLIST_FILE = MapAppTests/Info.plist;
				IPHONEOS_DEPLOYMENT_TARGET = 13.6;
				LD_RUNPATH_SEARCH_PATHS = (
					"$(inherited)",
					"@executable_path/Frameworks",
					"@loader_path/Frameworks",
				);
				PRODUCT_BUNDLE_IDENTIFIER = mySelf.MapAppTests;
				PRODUCT_NAME = "$(TARGET_NAME)";
				SWIFT_VERSION = 5.0;
				TARGETED_DEVICE_FAMILY = "1,2";
				TEST_HOST = "$(BUILT_PRODUCTS_DIR)/MapApp.app/MapApp";
			};
			name = Debug;
		};
		EF32D49924FBB1B300B65664 /* Release */ = {
			isa = XCBuildConfiguration;
			baseConfigurationReference = BF10037791DF3853796142F7 /* Pods-MapAppTests.release.xcconfig */;
			buildSettings = {
				ALWAYS_EMBED_SWIFT_STANDARD_LIBRARIES = YES;
				BUNDLE_LOADER = "$(TEST_HOST)";
				CODE_SIGN_STYLE = Automatic;
				DEVELOPMENT_TEAM = 9396A9KSNU;
				INFOPLIST_FILE = MapAppTests/Info.plist;
				IPHONEOS_DEPLOYMENT_TARGET = 13.6;
				LD_RUNPATH_SEARCH_PATHS = (
					"$(inherited)",
					"@executable_path/Frameworks",
					"@loader_path/Frameworks",
				);
				PRODUCT_BUNDLE_IDENTIFIER = mySelf.MapAppTests;
				PRODUCT_NAME = "$(TARGET_NAME)";
				SWIFT_VERSION = 5.0;
				TARGETED_DEVICE_FAMILY = "1,2";
				TEST_HOST = "$(BUILT_PRODUCTS_DIR)/MapApp.app/MapApp";
			};
			name = Release;
		};
		EF32D49B24FBB1B300B65664 /* Debug */ = {
			isa = XCBuildConfiguration;
			baseConfigurationReference = 08D4B1A02D57B6D3CA5E468A /* Pods-MapApp-MapAppUITests.debug.xcconfig */;
			buildSettings = {
				ALWAYS_EMBED_SWIFT_STANDARD_LIBRARIES = YES;
				CODE_SIGN_STYLE = Automatic;
				DEVELOPMENT_TEAM = 9396A9KSNU;
				INFOPLIST_FILE = MapAppUITests/Info.plist;
				LD_RUNPATH_SEARCH_PATHS = (
					"$(inherited)",
					"@executable_path/Frameworks",
					"@loader_path/Frameworks",
				);
				PRODUCT_BUNDLE_IDENTIFIER = mySelf.MapAppUITests;
				PRODUCT_NAME = "$(TARGET_NAME)";
				SWIFT_VERSION = 5.0;
				TARGETED_DEVICE_FAMILY = "1,2";
				TEST_TARGET_NAME = MapApp;
			};
			name = Debug;
		};
		EF32D49C24FBB1B300B65664 /* Release */ = {
			isa = XCBuildConfiguration;
			baseConfigurationReference = B880D498BA35CCDF66503E7D /* Pods-MapApp-MapAppUITests.release.xcconfig */;
			buildSettings = {
				ALWAYS_EMBED_SWIFT_STANDARD_LIBRARIES = YES;
				CODE_SIGN_STYLE = Automatic;
				DEVELOPMENT_TEAM = 9396A9KSNU;
				INFOPLIST_FILE = MapAppUITests/Info.plist;
				LD_RUNPATH_SEARCH_PATHS = (
					"$(inherited)",
					"@executable_path/Frameworks",
					"@loader_path/Frameworks",
				);
				PRODUCT_BUNDLE_IDENTIFIER = mySelf.MapAppUITests;
				PRODUCT_NAME = "$(TARGET_NAME)";
				SWIFT_VERSION = 5.0;
				TARGETED_DEVICE_FAMILY = "1,2";
				TEST_TARGET_NAME = MapApp;
			};
			name = Release;
		};
/* End XCBuildConfiguration section */

/* Begin XCConfigurationList section */
		EF32D46524FBB1B200B65664 /* Build configuration list for PBXProject "MapApp" */ = {
			isa = XCConfigurationList;
			buildConfigurations = (
				EF32D49224FBB1B300B65664 /* Debug */,
				EF32D49324FBB1B300B65664 /* Release */,
			);
			defaultConfigurationIsVisible = 0;
			defaultConfigurationName = Release;
		};
		EF32D49424FBB1B300B65664 /* Build configuration list for PBXNativeTarget "MapApp" */ = {
			isa = XCConfigurationList;
			buildConfigurations = (
				EF32D49524FBB1B300B65664 /* Debug */,
				EF32D49624FBB1B300B65664 /* Release */,
			);
			defaultConfigurationIsVisible = 0;
			defaultConfigurationName = Release;
		};
		EF32D49724FBB1B300B65664 /* Build configuration list for PBXNativeTarget "MapAppTests" */ = {
			isa = XCConfigurationList;
			buildConfigurations = (
				EF32D49824FBB1B300B65664 /* Debug */,
				EF32D49924FBB1B300B65664 /* Release */,
			);
			defaultConfigurationIsVisible = 0;
			defaultConfigurationName = Release;
		};
		EF32D49A24FBB1B300B65664 /* Build configuration list for PBXNativeTarget "MapAppUITests" */ = {
			isa = XCConfigurationList;
			buildConfigurations = (
				EF32D49B24FBB1B300B65664 /* Debug */,
				EF32D49C24FBB1B300B65664 /* Release */,
			);
			defaultConfigurationIsVisible = 0;
			defaultConfigurationName = Release;
		};
/* End XCConfigurationList section */
	};
	rootObject = EF32D46224FBB1B200B65664 /* Project object */;
}
